// !$*UTF8*$!
{
	archiveVersion = 1;
	classes = {
	};
	objectVersion = 51;
	objects = {

/* Begin PBXBuildFile section */
		2B041A4E25E6838000E69F41 /* PhotoAnalysis.m in Sources */ = {isa = PBXBuildFile; fileRef = 2B041A4C25E6837F00E69F41 /* PhotoAnalysis.m */; };
		2B04670225ECE0C600E69F41 /* back_image@3x.png in Resources */ = {isa = PBXBuildFile; fileRef = 2B0466D625ECE0C400E69F41 /* back_image@3x.png */; };
		2B04670925ECE0C600E69F41 /* privacy_btn@2x.png in Resources */ = {isa = PBXBuildFile; fileRef = 2B0466DF25ECE0C400E69F41 /* privacy_btn@2x.png */; };
		2B04670E25ECE0C600E69F41 /* calendar_btn@2x.png in Resources */ = {isa = PBXBuildFile; fileRef = 2B0466E425ECE0C500E69F41 /* calendar_btn@2x.png */; };
		2B04671325ECE0C600E69F41 /* set@3x.png in Resources */ = {isa = PBXBuildFile; fileRef = 2B0466E925ECE0C500E69F41 /* set@3x.png */; };
		2B04671725ECE0C600E69F41 /* set@2x.png in Resources */ = {isa = PBXBuildFile; fileRef = 2B0466ED25ECE0C500E69F41 /* set@2x.png */; };
		2B04671925ECE0C600E69F41 /* rectangle@2x.png in Resources */ = {isa = PBXBuildFile; fileRef = 2B0466EF25ECE0C500E69F41 /* rectangle@2x.png */; };
		2B04671A25ECE0C600E69F41 /* rectangle@3x.png in Resources */ = {isa = PBXBuildFile; fileRef = 2B0466F025ECE0C500E69F41 /* rectangle@3x.png */; };
		2B04671D25ECE0C600E69F41 /* photo_btn@3x.png in Resources */ = {isa = PBXBuildFile; fileRef = 2B0466F325ECE0C500E69F41 /* photo_btn@3x.png */; };
		2B04672025ECE0C600E69F41 /* back_image@2x.png in Resources */ = {isa = PBXBuildFile; fileRef = 2B0466F625ECE0C600E69F41 /* back_image@2x.png */; };
		2B04672525ECE0C600E69F41 /* privacy_btn@3x.png in Resources */ = {isa = PBXBuildFile; fileRef = 2B0466FB25ECE0C600E69F41 /* privacy_btn@3x.png */; };
		2B04672825ECE0C600E69F41 /* action_button_normal@2x.png in Resources */ = {isa = PBXBuildFile; fileRef = 2B0466FE25ECE0C600E69F41 /* action_button_normal@2x.png */; };
		2B04672925ECE0C600E69F41 /* calendar_btn@3x.png in Resources */ = {isa = PBXBuildFile; fileRef = 2B0466FF25ECE0C600E69F41 /* calendar_btn@3x.png */; };
		2B04672A25ECE0C600E69F41 /* photo_btn@2x.png in Resources */ = {isa = PBXBuildFile; fileRef = 2B04670025ECE0C600E69F41 /* photo_btn@2x.png */; };
		2B04672B25ECE0C600E69F41 /* action_button_normal@3x.png in Resources */ = {isa = PBXBuildFile; fileRef = 2B04670125ECE0C600E69F41 /* action_button_normal@3x.png */; };
		2B0475CE25EDF66300E69F41 /* UICircularDiagramView.m in Sources */ = {isa = PBXBuildFile; fileRef = 2B0475CD25EDF66300E69F41 /* UICircularDiagramView.m */; };
		2B04BF2C25E5323000E69F41 /* UIPrivacySearchResultViewController.m in Sources */ = {isa = PBXBuildFile; fileRef = 2B04BF2925E5323000E69F41 /* UIPrivacySearchResultViewController.m */; };
		2B04BF3025E535CC00E69F41 /* UIPhotoSearchResultViewController.m in Sources */ = {isa = PBXBuildFile; fileRef = 2B04BF2F25E535CC00E69F41 /* UIPhotoSearchResultViewController.m */; };
		2B07ED4725BEB494006BFBE7 /* GlobalConst.m in Sources */ = {isa = PBXBuildFile; fileRef = 2B07ED4625BEB494006BFBE7 /* GlobalConst.m */; };
		2B07ED5025BEB4D2006BFBE7 /* Public.m in Sources */ = {isa = PBXBuildFile; fileRef = 2B07ED4F25BEB4D2006BFBE7 /* Public.m */; };
		2B40710425F26DB7005C9088 /* XLGesturePasswordCell.m in Sources */ = {isa = PBXBuildFile; fileRef = 2B4070FC25F26DB7005C9088 /* XLGesturePasswordCell.m */; };
		2B40710525F26DB7005C9088 /* XLGestureInfoViewCell.m in Sources */ = {isa = PBXBuildFile; fileRef = 2B40710025F26DB7005C9088 /* XLGestureInfoViewCell.m */; };
		2B40710625F26DB7005C9088 /* XLGesturePassword.m in Sources */ = {isa = PBXBuildFile; fileRef = 2B40710125F26DB7005C9088 /* XLGesturePassword.m */; };
		2B43743225F516C50016A39F /* UIImgPreviewCollectionView.m in Sources */ = {isa = PBXBuildFile; fileRef = 2B43743025F516C40016A39F /* UIImgPreviewCollectionView.m */; };
		2B43743525F518220016A39F /* UIImgPreviewViewController.m in Sources */ = {isa = PBXBuildFile; fileRef = 2B43743425F518220016A39F /* UIImgPreviewViewController.m */; };
		2B43AF9D25F65B0E0016A39F /* UICalendarSearchResultViewController.m in Sources */ = {isa = PBXBuildFile; fileRef = 2B43AF9925F65B0E0016A39F /* UICalendarSearchResultViewController.m */; };
		2B43AFA525F65B190016A39F /* CalendarTypeModel.m in Sources */ = {isa = PBXBuildFile; fileRef = 2B43AFA225F65B190016A39F /* CalendarTypeModel.m */; };
		2B43AFA625F65B190016A39F /* CalendarContentModel.m in Sources */ = {isa = PBXBuildFile; fileRef = 2B43AFA325F65B190016A39F /* CalendarContentModel.m */; };
		2B43AFA925F65B210016A39F /* CalendarTableViewCell.m in Sources */ = {isa = PBXBuildFile; fileRef = 2B43AFA825F65B210016A39F /* CalendarTableViewCell.m */; };
		2B43BE7325F66DDD0016A39F /* fb_top@2x.png in Resources */ = {isa = PBXBuildFile; fileRef = 2B43BE7225F66DDD0016A39F /* fb_top@2x.png */; };
		2B43BE7525F66DE40016A39F /* fb_bottom@2x.png in Resources */ = {isa = PBXBuildFile; fileRef = 2B43BE7425F66DE40016A39F /* fb_bottom@2x.png */; };
		2B43BE7725F66E080016A39F /* feedback_noSelect@2x.png in Resources */ = {isa = PBXBuildFile; fileRef = 2B43BE7625F66E080016A39F /* feedback_noSelect@2x.png */; };
		2B43BE7925F66E0F0016A39F /* feedback_select@2x.png in Resources */ = {isa = PBXBuildFile; fileRef = 2B43BE7825F66E0F0016A39F /* feedback_select@2x.png */; };
		2B80840B25B9622F0056938B /* AppDelegate.m in Sources */ = {isa = PBXBuildFile; fileRef = 2B80840A25B9622F0056938B /* AppDelegate.m */; };
		2B80841625B962300056938B /* Assets.xcassets in Resources */ = {isa = PBXBuildFile; fileRef = 2B80841525B962300056938B /* Assets.xcassets */; };
		2B80841925B962300056938B /* LaunchScreen.storyboard in Resources */ = {isa = PBXBuildFile; fileRef = 2B80841725B962300056938B /* LaunchScreen.storyboard */; };
		2B80841C25B962300056938B /* main.m in Sources */ = {isa = PBXBuildFile; fileRef = 2B80841B25B962300056938B /* main.m */; };
		2BA189C225F4A54A006E66DD /* AJPhotoGroupCell.m in Sources */ = {isa = PBXBuildFile; fileRef = 2BA1899125F4A549006E66DD /* AJPhotoGroupCell.m */; };
		2BA189C325F4A54A006E66DD /* AJPhotoListCell.m in Sources */ = {isa = PBXBuildFile; fileRef = 2BA1899325F4A549006E66DD /* AJPhotoListCell.m */; };
		2BA189C425F4A54A006E66DD /* AJPhotoListView.m in Sources */ = {isa = PBXBuildFile; fileRef = 2BA1899425F4A549006E66DD /* AJPhotoListView.m */; };
		2BA189C525F4A54A006E66DD /* AJPhotoGroupView.m in Sources */ = {isa = PBXBuildFile; fileRef = 2BA1899525F4A549006E66DD /* AJPhotoGroupView.m */; };
		2BA189C625F4A54A006E66DD /* AJPhotoListCellTapView.m in Sources */ = {isa = PBXBuildFile; fileRef = 2BA1899625F4A549006E66DD /* AJPhotoListCellTapView.m */; };
		2BA189C725F4A54A006E66DD /* AJPhotoPickerViewController.m in Sources */ = {isa = PBXBuildFile; fileRef = 2BA1899725F4A549006E66DD /* AJPhotoPickerViewController.m */; };
		2BA189C925F4A54A006E66DD /* AJGradientView.m in Sources */ = {isa = PBXBuildFile; fileRef = 2BA1899A25F4A549006E66DD /* AJGradientView.m */; };
		2BA189DC25F4B558006E66DD /* BoAssetsCamera@2x.png in Resources */ = {isa = PBXBuildFile; fileRef = 2BA189D825F4B558006E66DD /* BoAssetsCamera@2x.png */; };
		2BA189DD25F4B558006E66DD /* AssetsPickerVideo@2x.png in Resources */ = {isa = PBXBuildFile; fileRef = 2BA189D925F4B558006E66DD /* AssetsPickerVideo@2x.png */; };
		2BA65C5D2603A71100932FC2 /* GetSimilarity.mm in Sources */ = {isa = PBXBuildFile; fileRef = 2BA65C5C2603A71100932FC2 /* GetSimilarity.mm */; };
		2BA66BA62604806B00932FC2 /* broom_easyicon@2x.png in Resources */ = {isa = PBXBuildFile; fileRef = 2BA66BA42604806A00932FC2 /* broom_easyicon@2x.png */; };
		2BA66BA72604806B00932FC2 /* broom_easyicon@3x.png in Resources */ = {isa = PBXBuildFile; fileRef = 2BA66BA52604806B00932FC2 /* broom_easyicon@3x.png */; };
		2BA66BAA2604809400932FC2 /* cancel_check@3x.png in Resources */ = {isa = PBXBuildFile; fileRef = 2BA66BA82604809300932FC2 /* cancel_check@3x.png */; };
		2BA66BAB2604809400932FC2 /* cancel_check@2x.png in Resources */ = {isa = PBXBuildFile; fileRef = 2BA66BA92604809400932FC2 /* cancel_check@2x.png */; };
		2BC774B52606EE1100FE23AC /* LaunchScreen.png in Resources */ = {isa = PBXBuildFile; fileRef = 2BC774B22606EE1100FE23AC /* LaunchScreen.png */; };
		2BC774BF2606F84900FE23AC /* add_photo_btn@2x.png in Resources */ = {isa = PBXBuildFile; fileRef = 2BC774BB2606F84900FE23AC /* add_photo_btn@2x.png */; };
		2BC774C02606F84900FE23AC /* add_photo_btn@3x.png in Resources */ = {isa = PBXBuildFile; fileRef = 2BC774BE2606F84900FE23AC /* add_photo_btn@3x.png */; };
		2BDAEF0E25F8B8C700A5D53C /* PhotoTypeModel.m in Sources */ = {isa = PBXBuildFile; fileRef = 2BDAEF0825F8B8C700A5D53C /* PhotoTypeModel.m */; };
		2BDAEF0F25F8B8C700A5D53C /* PhotoContentModel.m in Sources */ = {isa = PBXBuildFile; fileRef = 2BDAEF0A25F8B8C700A5D53C /* PhotoContentModel.m */; };
		2BDAEF1025F8B8C700A5D53C /* PhotoSimilarTableViewCell.m in Sources */ = {isa = PBXBuildFile; fileRef = 2BDAEF0C25F8B8C700A5D53C /* PhotoSimilarTableViewCell.m */; };
		2BDAEF1625F8C4A100A5D53C /* PhotoNomalTableViewCell.m in Sources */ = {isa = PBXBuildFile; fileRef = 2BDAEF1525F8C4A100A5D53C /* PhotoNomalTableViewCell.m */; };
		2BE7886625DF63CA00E187A3 /* QMUIKit.framework in Frameworks */ = {isa = PBXBuildFile; fileRef = 2BE7884F25DF632B00E187A3 /* QMUIKit.framework */; };
		2BE7886725DF63CA00E187A3 /* QMUIKit.framework in Embed Frameworks */ = {isa = PBXBuildFile; fileRef = 2BE7884F25DF632B00E187A3 /* QMUIKit.framework */; settings = {ATTRIBUTES = (CodeSignOnCopy, RemoveHeadersOnCopy, ); }; };
		2BE7888625DF686900E187A3 /* UIRootViewController.mm in Sources */ = {isa = PBXBuildFile; fileRef = 2BE7888425DF686900E187A3 /* UIRootViewController.mm */; };
		2BE788E125DF748A00E187A3 /* UISearchViewController.m in Sources */ = {isa = PBXBuildFile; fileRef = 2BE788E025DF748A00E187A3 /* UISearchViewController.m */; };
		2BE7893525DF972F00E187A3 /* UIBaseViewController.m in Sources */ = {isa = PBXBuildFile; fileRef = 2BE7893425DF972F00E187A3 /* UIBaseViewController.m */; };
		2BE7894A25DFAFAD00E187A3 /* QMUIConfigurationTemplateGrass.m in Sources */ = {isa = PBXBuildFile; fileRef = 2BE7894925DFAFAD00E187A3 /* QMUIConfigurationTemplateGrass.m */; };
		2BE7981425DFE57900E187A3 /* DataManger.m in Sources */ = {isa = PBXBuildFile; fileRef = 2BE7981325DFE57900E187A3 /* DataManger.m */; };
		2BE7D3A925E3A23700E187A3 /* ContactsUI.framework in Frameworks */ = {isa = PBXBuildFile; fileRef = 2BE7D3A825E3A23700E187A3 /* ContactsUI.framework */; };
		82C16DCA21D418654D80817E /* libPods-超强清理.a in Frameworks */ = {isa = PBXBuildFile; fileRef = D79B4C14EAF758CA0CA60940 /* libPods-超强清理.a */; };
/* End PBXBuildFile section */

/* Begin PBXContainerItemProxy section */
		2BE7884E25DF632B00E187A3 /* PBXContainerItemProxy */ = {
			isa = PBXContainerItemProxy;
			containerPortal = 2BE7884925DF632B00E187A3 /* qmui.xcodeproj */;
			proxyType = 2;
			remoteGlobalIDString = FE0AFAD11D82B9D8000D21D9;
			remoteInfo = QMUIKit;
		};
		2BE7885025DF632B00E187A3 /* PBXContainerItemProxy */ = {
			isa = PBXContainerItemProxy;
			containerPortal = 2BE7884925DF632B00E187A3 /* qmui.xcodeproj */;
			proxyType = 2;
			remoteGlobalIDString = CD4EA571228C401E00A55066;
			remoteInfo = QMUIKitTests;
		};
/* End PBXContainerItemProxy section */

/* Begin PBXCopyFilesBuildPhase section */
		2BE7886825DF63CB00E187A3 /* Embed Frameworks */ = {
			isa = PBXCopyFilesBuildPhase;
			buildActionMask = 2147483647;
			dstPath = "";
			dstSubfolderSpec = 10;
			files = (
				2BE7886725DF63CA00E187A3 /* QMUIKit.framework in Embed Frameworks */,
			);
			name = "Embed Frameworks";
			runOnlyForDeploymentPostprocessing = 0;
		};
/* End PBXCopyFilesBuildPhase section */

/* Begin PBXFileReference section */
		135E5580AB8C2A9F35945754 /* Pods-超强清理.release.xcconfig */ = {isa = PBXFileReference; includeInIndex = 1; lastKnownFileType = text.xcconfig; name = "Pods-超强清理.release.xcconfig"; path = "Target Support Files/Pods-超强清理/Pods-超强清理.release.xcconfig"; sourceTree = "<group>"; };
		2B041A4C25E6837F00E69F41 /* PhotoAnalysis.m */ = {isa = PBXFileReference; fileEncoding = 4; lastKnownFileType = sourcecode.c.objc; path = PhotoAnalysis.m; sourceTree = "<group>"; };
		2B041A4D25E6838000E69F41 /* PhotoAnalysis.h */ = {isa = PBXFileReference; fileEncoding = 4; lastKnownFileType = sourcecode.c.h; path = PhotoAnalysis.h; sourceTree = "<group>"; };
		2B0466D625ECE0C400E69F41 /* back_image@3x.png */ = {isa = PBXFileReference; lastKnownFileType = image.png; path = "back_image@3x.png"; sourceTree = "<group>"; };
		2B0466DF25ECE0C400E69F41 /* privacy_btn@2x.png */ = {isa = PBXFileReference; lastKnownFileType = image.png; path = "privacy_btn@2x.png"; sourceTree = "<group>"; };
		2B0466E425ECE0C500E69F41 /* calendar_btn@2x.png */ = {isa = PBXFileReference; lastKnownFileType = image.png; path = "calendar_btn@2x.png"; sourceTree = "<group>"; };
		2B0466E925ECE0C500E69F41 /* set@3x.png */ = {isa = PBXFileReference; lastKnownFileType = image.png; path = "set@3x.png"; sourceTree = "<group>"; };
		2B0466ED25ECE0C500E69F41 /* set@2x.png */ = {isa = PBXFileReference; lastKnownFileType = image.png; path = "set@2x.png"; sourceTree = "<group>"; };
		2B0466EF25ECE0C500E69F41 /* rectangle@2x.png */ = {isa = PBXFileReference; lastKnownFileType = image.png; path = "rectangle@2x.png"; sourceTree = "<group>"; };
		2B0466F025ECE0C500E69F41 /* rectangle@3x.png */ = {isa = PBXFileReference; lastKnownFileType = image.png; path = "rectangle@3x.png"; sourceTree = "<group>"; };
		2B0466F325ECE0C500E69F41 /* photo_btn@3x.png */ = {isa = PBXFileReference; lastKnownFileType = image.png; path = "photo_btn@3x.png"; sourceTree = "<group>"; };
		2B0466F625ECE0C600E69F41 /* back_image@2x.png */ = {isa = PBXFileReference; lastKnownFileType = image.png; path = "back_image@2x.png"; sourceTree = "<group>"; };
		2B0466FB25ECE0C600E69F41 /* privacy_btn@3x.png */ = {isa = PBXFileReference; lastKnownFileType = image.png; path = "privacy_btn@3x.png"; sourceTree = "<group>"; };
		2B0466FE25ECE0C600E69F41 /* action_button_normal@2x.png */ = {isa = PBXFileReference; lastKnownFileType = image.png; path = "action_button_normal@2x.png"; sourceTree = "<group>"; };
		2B0466FF25ECE0C600E69F41 /* calendar_btn@3x.png */ = {isa = PBXFileReference; lastKnownFileType = image.png; path = "calendar_btn@3x.png"; sourceTree = "<group>"; };
		2B04670025ECE0C600E69F41 /* photo_btn@2x.png */ = {isa = PBXFileReference; lastKnownFileType = image.png; path = "photo_btn@2x.png"; sourceTree = "<group>"; };
		2B04670125ECE0C600E69F41 /* action_button_normal@3x.png */ = {isa = PBXFileReference; lastKnownFileType = image.png; path = "action_button_normal@3x.png"; sourceTree = "<group>"; };
		2B0475CA25EDF66300E69F41 /* UICircularDiagramView.h */ = {isa = PBXFileReference; fileEncoding = 4; lastKnownFileType = sourcecode.c.h; path = UICircularDiagramView.h; sourceTree = "<group>"; };
		2B0475CD25EDF66300E69F41 /* UICircularDiagramView.m */ = {isa = PBXFileReference; fileEncoding = 4; lastKnownFileType = sourcecode.c.objc; path = UICircularDiagramView.m; sourceTree = "<group>"; };
		2B04BF2825E5323000E69F41 /* UIPrivacySearchResultViewController.h */ = {isa = PBXFileReference; fileEncoding = 4; lastKnownFileType = sourcecode.c.h; path = UIPrivacySearchResultViewController.h; sourceTree = "<group>"; };
		2B04BF2925E5323000E69F41 /* UIPrivacySearchResultViewController.m */ = {isa = PBXFileReference; fileEncoding = 4; lastKnownFileType = sourcecode.c.objc; path = UIPrivacySearchResultViewController.m; sourceTree = "<group>"; };
		2B04BF2E25E535CC00E69F41 /* UIPhotoSearchResultViewController.h */ = {isa = PBXFileReference; fileEncoding = 4; lastKnownFileType = sourcecode.c.h; path = UIPhotoSearchResultViewController.h; sourceTree = "<group>"; };
		2B04BF2F25E535CC00E69F41 /* UIPhotoSearchResultViewController.m */ = {isa = PBXFileReference; fileEncoding = 4; lastKnownFileType = sourcecode.c.objc; path = UIPhotoSearchResultViewController.m; sourceTree = "<group>"; };
		2B07ED4525BEB494006BFBE7 /* GlobalConst.h */ = {isa = PBXFileReference; lastKnownFileType = sourcecode.c.h; path = GlobalConst.h; sourceTree = "<group>"; };
		2B07ED4625BEB494006BFBE7 /* GlobalConst.m */ = {isa = PBXFileReference; lastKnownFileType = sourcecode.c.objc; path = GlobalConst.m; sourceTree = "<group>"; };
		2B07ED4E25BEB4D2006BFBE7 /* Public.h */ = {isa = PBXFileReference; lastKnownFileType = sourcecode.c.h; path = Public.h; sourceTree = "<group>"; };
		2B07ED4F25BEB4D2006BFBE7 /* Public.m */ = {isa = PBXFileReference; lastKnownFileType = sourcecode.c.objc; path = Public.m; sourceTree = "<group>"; };
		2B07ED5425BEB51C006BFBE7 /* PrefixHeader.pch */ = {isa = PBXFileReference; lastKnownFileType = sourcecode.c.h; path = PrefixHeader.pch; sourceTree = "<group>"; };
		2B4070FC25F26DB7005C9088 /* XLGesturePasswordCell.m */ = {isa = PBXFileReference; fileEncoding = 4; lastKnownFileType = sourcecode.c.objc; path = XLGesturePasswordCell.m; sourceTree = "<group>"; };
		2B4070FD25F26DB7005C9088 /* XLGestureInfoViewCell.h */ = {isa = PBXFileReference; fileEncoding = 4; lastKnownFileType = sourcecode.c.h; path = XLGestureInfoViewCell.h; sourceTree = "<group>"; };
		2B4070FE25F26DB7005C9088 /* XLGesturePassword.h */ = {isa = PBXFileReference; fileEncoding = 4; lastKnownFileType = sourcecode.c.h; path = XLGesturePassword.h; sourceTree = "<group>"; };
		2B4070FF25F26DB7005C9088 /* XLGesturePasswordCell.h */ = {isa = PBXFileReference; fileEncoding = 4; lastKnownFileType = sourcecode.c.h; path = XLGesturePasswordCell.h; sourceTree = "<group>"; };
		2B40710025F26DB7005C9088 /* XLGestureInfoViewCell.m */ = {isa = PBXFileReference; fileEncoding = 4; lastKnownFileType = sourcecode.c.objc; path = XLGestureInfoViewCell.m; sourceTree = "<group>"; };
		2B40710125F26DB7005C9088 /* XLGesturePassword.m */ = {isa = PBXFileReference; fileEncoding = 4; lastKnownFileType = sourcecode.c.objc; path = XLGesturePassword.m; sourceTree = "<group>"; };
		2B43743025F516C40016A39F /* UIImgPreviewCollectionView.m */ = {isa = PBXFileReference; fileEncoding = 4; lastKnownFileType = sourcecode.c.objc; path = UIImgPreviewCollectionView.m; sourceTree = "<group>"; };
		2B43743125F516C50016A39F /* UIImgPreviewCollectionView.h */ = {isa = PBXFileReference; fileEncoding = 4; lastKnownFileType = sourcecode.c.h; path = UIImgPreviewCollectionView.h; sourceTree = "<group>"; };
		2B43743325F518220016A39F /* UIImgPreviewViewController.h */ = {isa = PBXFileReference; fileEncoding = 4; lastKnownFileType = sourcecode.c.h; path = UIImgPreviewViewController.h; sourceTree = "<group>"; };
		2B43743425F518220016A39F /* UIImgPreviewViewController.m */ = {isa = PBXFileReference; fileEncoding = 4; lastKnownFileType = sourcecode.c.objc; path = UIImgPreviewViewController.m; sourceTree = "<group>"; };
		2B43AF9925F65B0E0016A39F /* UICalendarSearchResultViewController.m */ = {isa = PBXFileReference; fileEncoding = 4; lastKnownFileType = sourcecode.c.objc; path = UICalendarSearchResultViewController.m; sourceTree = "<group>"; };
		2B43AF9C25F65B0E0016A39F /* UICalendarSearchResultViewController.h */ = {isa = PBXFileReference; fileEncoding = 4; lastKnownFileType = sourcecode.c.h; path = UICalendarSearchResultViewController.h; sourceTree = "<group>"; };
		2B43AF9F25F65B190016A39F /* CalendarContentModel.h */ = {isa = PBXFileReference; fileEncoding = 4; lastKnownFileType = sourcecode.c.h; path = CalendarContentModel.h; sourceTree = "<group>"; };
		2B43AFA025F65B190016A39F /* CalendarTypeModel.h */ = {isa = PBXFileReference; fileEncoding = 4; lastKnownFileType = sourcecode.c.h; path = CalendarTypeModel.h; sourceTree = "<group>"; };
		2B43AFA225F65B190016A39F /* CalendarTypeModel.m */ = {isa = PBXFileReference; fileEncoding = 4; lastKnownFileType = sourcecode.c.objc; path = CalendarTypeModel.m; sourceTree = "<group>"; };
		2B43AFA325F65B190016A39F /* CalendarContentModel.m */ = {isa = PBXFileReference; fileEncoding = 4; lastKnownFileType = sourcecode.c.objc; path = CalendarContentModel.m; sourceTree = "<group>"; };
		2B43AFA725F65B210016A39F /* CalendarTableViewCell.h */ = {isa = PBXFileReference; fileEncoding = 4; lastKnownFileType = sourcecode.c.h; path = CalendarTableViewCell.h; sourceTree = "<group>"; };
		2B43AFA825F65B210016A39F /* CalendarTableViewCell.m */ = {isa = PBXFileReference; fileEncoding = 4; lastKnownFileType = sourcecode.c.objc; path = CalendarTableViewCell.m; sourceTree = "<group>"; };
		2B43BE7225F66DDD0016A39F /* fb_top@2x.png */ = {isa = PBXFileReference; lastKnownFileType = image.png; path = "fb_top@2x.png"; sourceTree = "<group>"; };
		2B43BE7425F66DE40016A39F /* fb_bottom@2x.png */ = {isa = PBXFileReference; lastKnownFileType = image.png; path = "fb_bottom@2x.png"; sourceTree = "<group>"; };
		2B43BE7625F66E080016A39F /* feedback_noSelect@2x.png */ = {isa = PBXFileReference; lastKnownFileType = image.png; path = "feedback_noSelect@2x.png"; sourceTree = "<group>"; };
		2B43BE7825F66E0F0016A39F /* feedback_select@2x.png */ = {isa = PBXFileReference; lastKnownFileType = image.png; path = "feedback_select@2x.png"; sourceTree = "<group>"; };
		2B80840625B9622F0056938B /* 超强清理.app */ = {isa = PBXFileReference; explicitFileType = wrapper.application; includeInIndex = 0; path = "超强清理.app"; sourceTree = BUILT_PRODUCTS_DIR; };
		2B80840925B9622F0056938B /* AppDelegate.h */ = {isa = PBXFileReference; lastKnownFileType = sourcecode.c.h; path = AppDelegate.h; sourceTree = "<group>"; };
		2B80840A25B9622F0056938B /* AppDelegate.m */ = {isa = PBXFileReference; lastKnownFileType = sourcecode.c.objc; path = AppDelegate.m; sourceTree = "<group>"; };
		2B80841525B962300056938B /* Assets.xcassets */ = {isa = PBXFileReference; lastKnownFileType = folder.assetcatalog; path = Assets.xcassets; sourceTree = "<group>"; };
		2B80841825B962300056938B /* Base */ = {isa = PBXFileReference; lastKnownFileType = file.storyboard; name = Base; path = Base.lproj/LaunchScreen.storyboard; sourceTree = "<group>"; };
		2B80841A25B962300056938B /* Info.plist */ = {isa = PBXFileReference; lastKnownFileType = text.plist.xml; path = Info.plist; sourceTree = "<group>"; };
		2B80841B25B962300056938B /* main.m */ = {isa = PBXFileReference; lastKnownFileType = sourcecode.c.objc; path = main.m; sourceTree = "<group>"; };
		2BA1899125F4A549006E66DD /* AJPhotoGroupCell.m */ = {isa = PBXFileReference; fileEncoding = 4; lastKnownFileType = sourcecode.c.objc; path = AJPhotoGroupCell.m; sourceTree = "<group>"; };
		2BA1899225F4A549006E66DD /* AJGradientView.h */ = {isa = PBXFileReference; fileEncoding = 4; lastKnownFileType = sourcecode.c.h; path = AJGradientView.h; sourceTree = "<group>"; };
		2BA1899325F4A549006E66DD /* AJPhotoListCell.m */ = {isa = PBXFileReference; fileEncoding = 4; lastKnownFileType = sourcecode.c.objc; path = AJPhotoListCell.m; sourceTree = "<group>"; };
		2BA1899425F4A549006E66DD /* AJPhotoListView.m */ = {isa = PBXFileReference; fileEncoding = 4; lastKnownFileType = sourcecode.c.objc; path = AJPhotoListView.m; sourceTree = "<group>"; };
		2BA1899525F4A549006E66DD /* AJPhotoGroupView.m */ = {isa = PBXFileReference; fileEncoding = 4; lastKnownFileType = sourcecode.c.objc; path = AJPhotoGroupView.m; sourceTree = "<group>"; };
		2BA1899625F4A549006E66DD /* AJPhotoListCellTapView.m */ = {isa = PBXFileReference; fileEncoding = 4; lastKnownFileType = sourcecode.c.objc; path = AJPhotoListCellTapView.m; sourceTree = "<group>"; };
		2BA1899725F4A549006E66DD /* AJPhotoPickerViewController.m */ = {isa = PBXFileReference; fileEncoding = 4; lastKnownFileType = sourcecode.c.objc; path = AJPhotoPickerViewController.m; sourceTree = "<group>"; };
		2BA1899925F4A549006E66DD /* AJPhotoListCell.h */ = {isa = PBXFileReference; fileEncoding = 4; lastKnownFileType = sourcecode.c.h; path = AJPhotoListCell.h; sourceTree = "<group>"; };
		2BA1899A25F4A549006E66DD /* AJGradientView.m */ = {isa = PBXFileReference; fileEncoding = 4; lastKnownFileType = sourcecode.c.objc; path = AJGradientView.m; sourceTree = "<group>"; };
		2BA1899B25F4A549006E66DD /* AJPhotoGroupCell.h */ = {isa = PBXFileReference; fileEncoding = 4; lastKnownFileType = sourcecode.c.h; path = AJPhotoGroupCell.h; sourceTree = "<group>"; };
		2BA1899C25F4A549006E66DD /* AJPhotoGroupView.h */ = {isa = PBXFileReference; fileEncoding = 4; lastKnownFileType = sourcecode.c.h; path = AJPhotoGroupView.h; sourceTree = "<group>"; };
		2BA1899D25F4A549006E66DD /* AJPhotoListView.h */ = {isa = PBXFileReference; fileEncoding = 4; lastKnownFileType = sourcecode.c.h; path = AJPhotoListView.h; sourceTree = "<group>"; };
		2BA1899E25F4A549006E66DD /* AJPhotoListCellTapView.h */ = {isa = PBXFileReference; fileEncoding = 4; lastKnownFileType = sourcecode.c.h; path = AJPhotoListCellTapView.h; sourceTree = "<group>"; };
		2BA1899F25F4A549006E66DD /* AJPhotoPickerViewController.h */ = {isa = PBXFileReference; fileEncoding = 4; lastKnownFileType = sourcecode.c.h; path = AJPhotoPickerViewController.h; sourceTree = "<group>"; };
		2BA189D825F4B558006E66DD /* BoAssetsCamera@2x.png */ = {isa = PBXFileReference; lastKnownFileType = image.png; path = "BoAssetsCamera@2x.png"; sourceTree = "<group>"; };
		2BA189D925F4B558006E66DD /* AssetsPickerVideo@2x.png */ = {isa = PBXFileReference; lastKnownFileType = image.png; path = "AssetsPickerVideo@2x.png"; sourceTree = "<group>"; };
		2BA65C5B2603A71100932FC2 /* GetSimilarity.h */ = {isa = PBXFileReference; lastKnownFileType = sourcecode.c.h; path = GetSimilarity.h; sourceTree = "<group>"; };
		2BA65C5C2603A71100932FC2 /* GetSimilarity.mm */ = {isa = PBXFileReference; lastKnownFileType = sourcecode.cpp.objcpp; path = GetSimilarity.mm; sourceTree = "<group>"; };
		2BA66BA42604806A00932FC2 /* broom_easyicon@2x.png */ = {isa = PBXFileReference; lastKnownFileType = image.png; path = "broom_easyicon@2x.png"; sourceTree = "<group>"; };
		2BA66BA52604806B00932FC2 /* broom_easyicon@3x.png */ = {isa = PBXFileReference; lastKnownFileType = image.png; path = "broom_easyicon@3x.png"; sourceTree = "<group>"; };
		2BA66BA82604809300932FC2 /* cancel_check@3x.png */ = {isa = PBXFileReference; lastKnownFileType = image.png; path = "cancel_check@3x.png"; sourceTree = "<group>"; };
		2BA66BA92604809400932FC2 /* cancel_check@2x.png */ = {isa = PBXFileReference; lastKnownFileType = image.png; path = "cancel_check@2x.png"; sourceTree = "<group>"; };
		2BC774B22606EE1100FE23AC /* LaunchScreen.png */ = {isa = PBXFileReference; lastKnownFileType = image.png; path = LaunchScreen.png; sourceTree = "<group>"; };
		2BC774BB2606F84900FE23AC /* add_photo_btn@2x.png */ = {isa = PBXFileReference; lastKnownFileType = image.png; path = "add_photo_btn@2x.png"; sourceTree = "<group>"; };
		2BC774BE2606F84900FE23AC /* add_photo_btn@3x.png */ = {isa = PBXFileReference; lastKnownFileType = image.png; path = "add_photo_btn@3x.png"; sourceTree = "<group>"; };
		2BDAEF0825F8B8C700A5D53C /* PhotoTypeModel.m */ = {isa = PBXFileReference; fileEncoding = 4; lastKnownFileType = sourcecode.c.objc; path = PhotoTypeModel.m; sourceTree = "<group>"; };
		2BDAEF0925F8B8C700A5D53C /* PhotoSimilarTableViewCell.h */ = {isa = PBXFileReference; fileEncoding = 4; lastKnownFileType = sourcecode.c.h; path = PhotoSimilarTableViewCell.h; sourceTree = "<group>"; };
		2BDAEF0A25F8B8C700A5D53C /* PhotoContentModel.m */ = {isa = PBXFileReference; fileEncoding = 4; lastKnownFileType = sourcecode.c.objc; path = PhotoContentModel.m; sourceTree = "<group>"; };
		2BDAEF0B25F8B8C700A5D53C /* PhotoContentModel.h */ = {isa = PBXFileReference; fileEncoding = 4; lastKnownFileType = sourcecode.c.h; path = PhotoContentModel.h; sourceTree = "<group>"; };
		2BDAEF0C25F8B8C700A5D53C /* PhotoSimilarTableViewCell.m */ = {isa = PBXFileReference; fileEncoding = 4; lastKnownFileType = sourcecode.c.objc; path = PhotoSimilarTableViewCell.m; sourceTree = "<group>"; };
		2BDAEF0D25F8B8C700A5D53C /* PhotoTypeModel.h */ = {isa = PBXFileReference; fileEncoding = 4; lastKnownFileType = sourcecode.c.h; path = PhotoTypeModel.h; sourceTree = "<group>"; };
		2BDAEF1425F8C4A100A5D53C /* PhotoNomalTableViewCell.h */ = {isa = PBXFileReference; fileEncoding = 4; lastKnownFileType = sourcecode.c.h; path = PhotoNomalTableViewCell.h; sourceTree = "<group>"; };
		2BDAEF1525F8C4A100A5D53C /* PhotoNomalTableViewCell.m */ = {isa = PBXFileReference; fileEncoding = 4; lastKnownFileType = sourcecode.c.objc; path = PhotoNomalTableViewCell.m; sourceTree = "<group>"; };
		2BE7884925DF632B00E187A3 /* qmui.xcodeproj */ = {isa = PBXFileReference; lastKnownFileType = "wrapper.pb-project"; name = qmui.xcodeproj; path = QMUI/qmui.xcodeproj; sourceTree = "<group>"; };
		2BE7888425DF686900E187A3 /* UIRootViewController.mm */ = {isa = PBXFileReference; fileEncoding = 4; lastKnownFileType = sourcecode.cpp.objcpp; path = UIRootViewController.mm; sourceTree = "<group>"; };
		2BE7888525DF686900E187A3 /* UIRootViewController.h */ = {isa = PBXFileReference; fileEncoding = 4; lastKnownFileType = sourcecode.c.h; path = UIRootViewController.h; sourceTree = "<group>"; };
		2BE788DF25DF748A00E187A3 /* UISearchViewController.h */ = {isa = PBXFileReference; lastKnownFileType = sourcecode.c.h; path = UISearchViewController.h; sourceTree = "<group>"; };
		2BE788E025DF748A00E187A3 /* UISearchViewController.m */ = {isa = PBXFileReference; lastKnownFileType = sourcecode.c.objc; path = UISearchViewController.m; sourceTree = "<group>"; };
		2BE7892225DF962400E187A3 /* UIBaseViewController.h */ = {isa = PBXFileReference; fileEncoding = 4; lastKnownFileType = sourcecode.c.h; path = UIBaseViewController.h; sourceTree = "<group>"; };
		2BE7893425DF972F00E187A3 /* UIBaseViewController.m */ = {isa = PBXFileReference; fileEncoding = 4; lastKnownFileType = sourcecode.c.objc; path = UIBaseViewController.m; sourceTree = "<group>"; };
		2BE7894625DFAFAD00E187A3 /* QMUIConfigurationTemplateGrass.h */ = {isa = PBXFileReference; fileEncoding = 4; lastKnownFileType = sourcecode.c.h; path = QMUIConfigurationTemplateGrass.h; sourceTree = "<group>"; };
		2BE7894925DFAFAD00E187A3 /* QMUIConfigurationTemplateGrass.m */ = {isa = PBXFileReference; fileEncoding = 4; lastKnownFileType = sourcecode.c.objc; path = QMUIConfigurationTemplateGrass.m; sourceTree = "<group>"; };
		2BE7981225DFE57900E187A3 /* DataManger.h */ = {isa = PBXFileReference; fileEncoding = 4; lastKnownFileType = sourcecode.c.h; path = DataManger.h; sourceTree = "<group>"; };
		2BE7981325DFE57900E187A3 /* DataManger.m */ = {isa = PBXFileReference; fileEncoding = 4; lastKnownFileType = sourcecode.c.objc; path = DataManger.m; sourceTree = "<group>"; };
		2BE7D3A425E3A1B600E187A3 /* AddressBook.framework */ = {isa = PBXFileReference; lastKnownFileType = wrapper.framework; name = AddressBook.framework; path = System/Library/Frameworks/AddressBook.framework; sourceTree = SDKROOT; };
		2BE7D3A825E3A23700E187A3 /* ContactsUI.framework */ = {isa = PBXFileReference; lastKnownFileType = wrapper.framework; name = ContactsUI.framework; path = System/Library/Frameworks/ContactsUI.framework; sourceTree = SDKROOT; };
		34C8DBEE0E30BC288B3EF482 /* Pods-IOSBaseTemplate.release.xcconfig */ = {isa = PBXFileReference; includeInIndex = 1; lastKnownFileType = text.xcconfig; name = "Pods-IOSBaseTemplate.release.xcconfig"; path = "Target Support Files/Pods-IOSBaseTemplate/Pods-IOSBaseTemplate.release.xcconfig"; sourceTree = "<group>"; };
		5ECECC83E5B8757E0BEE85C1 /* Pods-超强清理.debug.xcconfig */ = {isa = PBXFileReference; includeInIndex = 1; lastKnownFileType = text.xcconfig; name = "Pods-超强清理.debug.xcconfig"; path = "Target Support Files/Pods-超强清理/Pods-超强清理.debug.xcconfig"; sourceTree = "<group>"; };
		D79B4C14EAF758CA0CA60940 /* libPods-超强清理.a */ = {isa = PBXFileReference; explicitFileType = archive.ar; includeInIndex = 0; path = "libPods-超强清理.a"; sourceTree = BUILT_PRODUCTS_DIR; };
		DC60344916A49D1629F613B6 /* Pods-IOSBaseTemplate.debug.xcconfig */ = {isa = PBXFileReference; includeInIndex = 1; lastKnownFileType = text.xcconfig; name = "Pods-IOSBaseTemplate.debug.xcconfig"; path = "Target Support Files/Pods-IOSBaseTemplate/Pods-IOSBaseTemplate.debug.xcconfig"; sourceTree = "<group>"; };
/* End PBXFileReference section */

/* Begin PBXFrameworksBuildPhase section */
		2B80840325B9622F0056938B /* Frameworks */ = {
			isa = PBXFrameworksBuildPhase;
			buildActionMask = 2147483647;
			files = (
				2BE7D3A925E3A23700E187A3 /* ContactsUI.framework in Frameworks */,
				2BE7886625DF63CA00E187A3 /* QMUIKit.framework in Frameworks */,
				82C16DCA21D418654D80817E /* libPods-超强清理.a in Frameworks */,
			);
			runOnlyForDeploymentPostprocessing = 0;
		};
/* End PBXFrameworksBuildPhase section */

/* Begin PBXGroup section */
		11B8242BE4560ABADCC0F19D /* Pods */ = {
			isa = PBXGroup;
			children = (
				DC60344916A49D1629F613B6 /* Pods-IOSBaseTemplate.debug.xcconfig */,
				34C8DBEE0E30BC288B3EF482 /* Pods-IOSBaseTemplate.release.xcconfig */,
				5ECECC83E5B8757E0BEE85C1 /* Pods-超强清理.debug.xcconfig */,
				135E5580AB8C2A9F35945754 /* Pods-超强清理.release.xcconfig */,
			);
			path = Pods;
			sourceTree = "<group>";
		};
		2B04BF2725E5323000E69F41 /* Privacy */ = {
			isa = PBXGroup;
			children = (
				2B04BF2825E5323000E69F41 /* UIPrivacySearchResultViewController.h */,
				2B04BF2925E5323000E69F41 /* UIPrivacySearchResultViewController.m */,
			);
			path = Privacy;
			sourceTree = "<group>";
		};
		2B04BF2D25E5359300E69F41 /* Photo */ = {
			isa = PBXGroup;
			children = (
				2B04BF2E25E535CC00E69F41 /* UIPhotoSearchResultViewController.h */,
				2B04BF2F25E535CC00E69F41 /* UIPhotoSearchResultViewController.m */,
				2BDAEF0B25F8B8C700A5D53C /* PhotoContentModel.h */,
				2BDAEF0A25F8B8C700A5D53C /* PhotoContentModel.m */,
				2BDAEF1425F8C4A100A5D53C /* PhotoNomalTableViewCell.h */,
				2BDAEF1525F8C4A100A5D53C /* PhotoNomalTableViewCell.m */,
				2BDAEF0925F8B8C700A5D53C /* PhotoSimilarTableViewCell.h */,
				2BDAEF0C25F8B8C700A5D53C /* PhotoSimilarTableViewCell.m */,
				2BDAEF0D25F8B8C700A5D53C /* PhotoTypeModel.h */,
				2BDAEF0825F8B8C700A5D53C /* PhotoTypeModel.m */,
			);
			path = Photo;
			sourceTree = "<group>";
		};
		2B07ED3C25BEB396006BFBE7 /* Frameworks */ = {
			isa = PBXGroup;
			children = (
				2BE7D3A825E3A23700E187A3 /* ContactsUI.framework */,
				2BE7D3A425E3A1B600E187A3 /* AddressBook.framework */,
				D79B4C14EAF758CA0CA60940 /* libPods-超强清理.a */,
			);
			name = Frameworks;
			sourceTree = "<group>";
		};
		2B07ED4125BEB3E0006BFBE7 /* Macro */ = {
			isa = PBXGroup;
			children = (
				2B07ED4525BEB494006BFBE7 /* GlobalConst.h */,
				2B07ED4625BEB494006BFBE7 /* GlobalConst.m */,
				2B07ED4E25BEB4D2006BFBE7 /* Public.h */,
				2B07ED4F25BEB4D2006BFBE7 /* Public.m */,
			);
			path = Macro;
			sourceTree = "<group>";
		};
		2B07ED4225BEB3EE006BFBE7 /* General */ = {
			isa = PBXGroup;
			children = (
				2B43742F25F5169D0016A39F /* PhotoPreview */,
				2BA1899025F4A549006E66DD /* AJPhotoPicker */,
				2B4070FB25F26DB7005C9088 /* XLGesturePassword */,
				2B07ED4125BEB3E0006BFBE7 /* Macro */,
				2BE7892225DF962400E187A3 /* UIBaseViewController.h */,
				2BE7893425DF972F00E187A3 /* UIBaseViewController.m */,
			);
			path = General;
			sourceTree = "<group>";
		};
		2B07ED4325BEB43C006BFBE7 /* Podspec Metadata */ = {
			isa = PBXGroup;
			children = (
			);
			path = "Podspec Metadata";
			sourceTree = "<group>";
		};
		2B4070FB25F26DB7005C9088 /* XLGesturePassword */ = {
			isa = PBXGroup;
			children = (
				2B4070FC25F26DB7005C9088 /* XLGesturePasswordCell.m */,
				2B4070FD25F26DB7005C9088 /* XLGestureInfoViewCell.h */,
				2B4070FE25F26DB7005C9088 /* XLGesturePassword.h */,
				2B4070FF25F26DB7005C9088 /* XLGesturePasswordCell.h */,
				2B40710025F26DB7005C9088 /* XLGestureInfoViewCell.m */,
				2B40710125F26DB7005C9088 /* XLGesturePassword.m */,
			);
			path = XLGesturePassword;
			sourceTree = "<group>";
		};
		2B43742F25F5169D0016A39F /* PhotoPreview */ = {
			isa = PBXGroup;
			children = (
				2B43743125F516C50016A39F /* UIImgPreviewCollectionView.h */,
				2B43743025F516C40016A39F /* UIImgPreviewCollectionView.m */,
				2B43743325F518220016A39F /* UIImgPreviewViewController.h */,
				2B43743425F518220016A39F /* UIImgPreviewViewController.m */,
			);
			path = PhotoPreview;
			sourceTree = "<group>";
		};
		2B8083FD25B9622F0056938B = {
			isa = PBXGroup;
			children = (
				2BE7884925DF632B00E187A3 /* qmui.xcodeproj */,
				2B80840825B9622F0056938B /* IOSBaseTemplate */,
				2B80840725B9622F0056938B /* Products */,
				2B07ED3C25BEB396006BFBE7 /* Frameworks */,
				11B8242BE4560ABADCC0F19D /* Pods */,
			);
			sourceTree = "<group>";
		};
		2B80840725B9622F0056938B /* Products */ = {
			isa = PBXGroup;
			children = (
				2B80840625B9622F0056938B /* 超强清理.app */,
			);
			name = Products;
			sourceTree = "<group>";
		};
		2B80840825B9622F0056938B /* IOSBaseTemplate */ = {
			isa = PBXGroup;
			children = (
				2B07ED4325BEB43C006BFBE7 /* Podspec Metadata */,
				2B07ED4225BEB3EE006BFBE7 /* General */,
				2BE7B63025E0EBDA00E187A3 /* Engine */,
				2BE7B63125E0EBEE00E187A3 /* UI */,
				2B80840925B9622F0056938B /* AppDelegate.h */,
				2B80840A25B9622F0056938B /* AppDelegate.m */,
				2BE7888525DF686900E187A3 /* UIRootViewController.h */,
				2BE7888425DF686900E187A3 /* UIRootViewController.mm */,
				2BE7890B25DF817700E187A3 /* Resources */,
				2B80846825B97A300056938B /* Supporting Files */,
			);
			path = IOSBaseTemplate;
			sourceTree = "<group>";
		};
		2B80846825B97A300056938B /* Supporting Files */ = {
			isa = PBXGroup;
			children = (
				2B80841525B962300056938B /* Assets.xcassets */,
				2B80841725B962300056938B /* LaunchScreen.storyboard */,
				2B80841A25B962300056938B /* Info.plist */,
				2B07ED5425BEB51C006BFBE7 /* PrefixHeader.pch */,
				2B80841B25B962300056938B /* main.m */,
			);
			path = "Supporting Files";
			sourceTree = "<group>";
		};
		2BA1899025F4A549006E66DD /* AJPhotoPicker */ = {
			isa = PBXGroup;
			children = (
				2BA1899925F4A549006E66DD /* AJPhotoListCell.h */,
				2BA1899325F4A549006E66DD /* AJPhotoListCell.m */,
				2BA1899C25F4A549006E66DD /* AJPhotoGroupView.h */,
				2BA1899525F4A549006E66DD /* AJPhotoGroupView.m */,
				2BA1899225F4A549006E66DD /* AJGradientView.h */,
				2BA1899A25F4A549006E66DD /* AJGradientView.m */,
				2BA1899B25F4A549006E66DD /* AJPhotoGroupCell.h */,
				2BA1899125F4A549006E66DD /* AJPhotoGroupCell.m */,
				2BA1899D25F4A549006E66DD /* AJPhotoListView.h */,
				2BA1899425F4A549006E66DD /* AJPhotoListView.m */,
				2BA1899E25F4A549006E66DD /* AJPhotoListCellTapView.h */,
				2BA1899625F4A549006E66DD /* AJPhotoListCellTapView.m */,
				2BA1899F25F4A549006E66DD /* AJPhotoPickerViewController.h */,
				2BA1899725F4A549006E66DD /* AJPhotoPickerViewController.m */,
			);
			path = AJPhotoPicker;
			sourceTree = "<group>";
		};
		2BE7884A25DF632B00E187A3 /* Products */ = {
			isa = PBXGroup;
			children = (
				2BE7884F25DF632B00E187A3 /* QMUIKit.framework */,
				2BE7885125DF632B00E187A3 /* QMUIKitTests.xctest */,
			);
			name = Products;
			sourceTree = "<group>";
		};
		2BE7890B25DF817700E187A3 /* Resources */ = {
			isa = PBXGroup;
			children = (
				2B43BE7825F66E0F0016A39F /* feedback_select@2x.png */,
				2B43BE7625F66E080016A39F /* feedback_noSelect@2x.png */,
				2B43BE7225F66DDD0016A39F /* fb_top@2x.png */,
				2B43BE7425F66DE40016A39F /* fb_bottom@2x.png */,
				2B04670025ECE0C600E69F41 /* photo_btn@2x.png */,
				2BA189D925F4B558006E66DD /* AssetsPickerVideo@2x.png */,
				2BA189D825F4B558006E66DD /* BoAssetsCamera@2x.png */,
				2B0466F325ECE0C500E69F41 /* photo_btn@3x.png */,
				2B0466DF25ECE0C400E69F41 /* privacy_btn@2x.png */,
				2B0466FB25ECE0C600E69F41 /* privacy_btn@3x.png */,
				2B0466E425ECE0C500E69F41 /* calendar_btn@2x.png */,
				2B0466FF25ECE0C600E69F41 /* calendar_btn@3x.png */,
				2B0466FE25ECE0C600E69F41 /* action_button_normal@2x.png */,
				2B04670125ECE0C600E69F41 /* action_button_normal@3x.png */,
				2B0466F625ECE0C600E69F41 /* back_image@2x.png */,
				2B0466D625ECE0C400E69F41 /* back_image@3x.png */,
				2B0466ED25ECE0C500E69F41 /* set@2x.png */,
				2B0466E925ECE0C500E69F41 /* set@3x.png */,
				2B0466EF25ECE0C500E69F41 /* rectangle@2x.png */,
				2B0466F025ECE0C500E69F41 /* rectangle@3x.png */,
				2BA66BA42604806A00932FC2 /* broom_easyicon@2x.png */,
				2BA66BA52604806B00932FC2 /* broom_easyicon@3x.png */,
				2BA66BA92604809400932FC2 /* cancel_check@2x.png */,
				2BA66BA82604809300932FC2 /* cancel_check@3x.png */,
				2BC774BB2606F84900FE23AC /* add_photo_btn@2x.png */,
				2BC774BE2606F84900FE23AC /* add_photo_btn@3x.png */,
				2BC774B22606EE1100FE23AC /* LaunchScreen.png */,
				2BE7894625DFAFAD00E187A3 /* QMUIConfigurationTemplateGrass.h */,
				2BE7894925DFAFAD00E187A3 /* QMUIConfigurationTemplateGrass.m */,
			);
			path = Resources;
			sourceTree = "<group>";
		};
		2BE7981125DFE55000E187A3 /* Calendar */ = {
			isa = PBXGroup;
			children = (
				2B43AF9C25F65B0E0016A39F /* UICalendarSearchResultViewController.h */,
				2B43AF9925F65B0E0016A39F /* UICalendarSearchResultViewController.m */,
				2B43AFA725F65B210016A39F /* CalendarTableViewCell.h */,
				2B43AFA825F65B210016A39F /* CalendarTableViewCell.m */,
				2B43AFA025F65B190016A39F /* CalendarTypeModel.h */,
				2B43AFA225F65B190016A39F /* CalendarTypeModel.m */,
				2B43AF9F25F65B190016A39F /* CalendarContentModel.h */,
				2B43AFA325F65B190016A39F /* CalendarContentModel.m */,
			);
			path = Calendar;
			sourceTree = "<group>";
		};
		2BE7B63025E0EBDA00E187A3 /* Engine */ = {
			isa = PBXGroup;
			children = (
				2BE7981225DFE57900E187A3 /* DataManger.h */,
				2BE7981325DFE57900E187A3 /* DataManger.m */,
				2B041A4D25E6838000E69F41 /* PhotoAnalysis.h */,
				2B041A4C25E6837F00E69F41 /* PhotoAnalysis.m */,
				2BA65C5B2603A71100932FC2 /* GetSimilarity.h */,
				2BA65C5C2603A71100932FC2 /* GetSimilarity.mm */,
			);
			path = Engine;
			sourceTree = "<group>";
		};
		2BE7B63125E0EBEE00E187A3 /* UI */ = {
			isa = PBXGroup;
			children = (
				2B04BF2D25E5359300E69F41 /* Photo */,
				2B04BF2725E5323000E69F41 /* Privacy */,
				2BE7981125DFE55000E187A3 /* Calendar */,
				2BE788DF25DF748A00E187A3 /* UISearchViewController.h */,
				2BE788E025DF748A00E187A3 /* UISearchViewController.m */,
				2B0475CA25EDF66300E69F41 /* UICircularDiagramView.h */,
				2B0475CD25EDF66300E69F41 /* UICircularDiagramView.m */,
			);
			path = UI;
			sourceTree = "<group>";
		};
/* End PBXGroup section */

/* Begin PBXNativeTarget section */
		2B80840525B9622F0056938B /* 超强清理 */ = {
			isa = PBXNativeTarget;
			buildConfigurationList = 2B80843525B962310056938B /* Build configuration list for PBXNativeTarget "超强清理" */;
			buildPhases = (
				4177B1900010E21533E74BD5 /* [CP] Check Pods Manifest.lock */,
				2B80840225B9622F0056938B /* Sources */,
				2B80840325B9622F0056938B /* Frameworks */,
				2B80840425B9622F0056938B /* Resources */,
				2BE7886825DF63CB00E187A3 /* Embed Frameworks */,
				DF134796505EC75E12EE86A1 /* [CP] Embed Pods Frameworks */,
			);
			buildRules = (
			);
			dependencies = (
			);
			name = "超强清理";
			productName = IOSBaseTemplate;
			productReference = 2B80840625B9622F0056938B /* 超强清理.app */;
			productType = "com.apple.product-type.application";
		};
/* End PBXNativeTarget section */

/* Begin PBXProject section */
		2B8083FE25B9622F0056938B /* Project object */ = {
			isa = PBXProject;
			attributes = {
				LastUpgradeCheck = 1230;
				TargetAttributes = {
					2B80840525B9622F0056938B = {
						CreatedOnToolsVersion = 12.3;
					};
				};
			};
			buildConfigurationList = 2B80840125B9622F0056938B /* Build configuration list for PBXProject "超强清理" */;
			compatibilityVersion = "Xcode 9.3";
			developmentRegion = en;
			hasScannedForEncodings = 0;
			knownRegions = (
				en,
				Base,
			);
			mainGroup = 2B8083FD25B9622F0056938B;
			productRefGroup = 2B80840725B9622F0056938B /* Products */;
			projectDirPath = "";
			projectReferences = (
				{
					ProductGroup = 2BE7884A25DF632B00E187A3 /* Products */;
					ProjectRef = 2BE7884925DF632B00E187A3 /* qmui.xcodeproj */;
				},
			);
			projectRoot = "";
			targets = (
				2B80840525B9622F0056938B /* 超强清理 */,
			);
		};
/* End PBXProject section */

/* Begin PBXReferenceProxy section */
		2BE7884F25DF632B00E187A3 /* QMUIKit.framework */ = {
			isa = PBXReferenceProxy;
			fileType = wrapper.framework;
			path = QMUIKit.framework;
			remoteRef = 2BE7884E25DF632B00E187A3 /* PBXContainerItemProxy */;
			sourceTree = BUILT_PRODUCTS_DIR;
		};
		2BE7885125DF632B00E187A3 /* QMUIKitTests.xctest */ = {
			isa = PBXReferenceProxy;
			fileType = wrapper.cfbundle;
			path = QMUIKitTests.xctest;
			remoteRef = 2BE7885025DF632B00E187A3 /* PBXContainerItemProxy */;
			sourceTree = BUILT_PRODUCTS_DIR;
		};
/* End PBXReferenceProxy section */

/* Begin PBXResourcesBuildPhase section */
		2B80840425B9622F0056938B /* Resources */ = {
			isa = PBXResourcesBuildPhase;
			buildActionMask = 2147483647;
			files = (
				2B04672925ECE0C600E69F41 /* calendar_btn@3x.png in Resources */,
				2B80841925B962300056938B /* LaunchScreen.storyboard in Resources */,
				2BA66BA72604806B00932FC2 /* broom_easyicon@3x.png in Resources */,
				2B04670925ECE0C600E69F41 /* privacy_btn@2x.png in Resources */,
				2B04671325ECE0C600E69F41 /* set@3x.png in Resources */,
				2B04671D25ECE0C600E69F41 /* photo_btn@3x.png in Resources */,
				2BA189DD25F4B558006E66DD /* AssetsPickerVideo@2x.png in Resources */,
				2BC774C02606F84900FE23AC /* add_photo_btn@3x.png in Resources */,
				2B80841625B962300056938B /* Assets.xcassets in Resources */,
				2B43BE7525F66DE40016A39F /* fb_bottom@2x.png in Resources */,
				2B04672A25ECE0C600E69F41 /* photo_btn@2x.png in Resources */,
				2BC774BF2606F84900FE23AC /* add_photo_btn@2x.png in Resources */,
				2B04671725ECE0C600E69F41 /* set@2x.png in Resources */,
				2B43BE7725F66E080016A39F /* feedback_noSelect@2x.png in Resources */,
				2B04672025ECE0C600E69F41 /* back_image@2x.png in Resources */,
				2B04672825ECE0C600E69F41 /* action_button_normal@2x.png in Resources */,
				2B43BE7925F66E0F0016A39F /* feedback_select@2x.png in Resources */,
				2B04672B25ECE0C600E69F41 /* action_button_normal@3x.png in Resources */,
				2BA66BAB2604809400932FC2 /* cancel_check@2x.png in Resources */,
				2B04670225ECE0C600E69F41 /* back_image@3x.png in Resources */,
				2BC774B52606EE1100FE23AC /* LaunchScreen.png in Resources */,
				2B43BE7325F66DDD0016A39F /* fb_top@2x.png in Resources */,
				2BA189DC25F4B558006E66DD /* BoAssetsCamera@2x.png in Resources */,
				2BA66BA62604806B00932FC2 /* broom_easyicon@2x.png in Resources */,
				2B04670E25ECE0C600E69F41 /* calendar_btn@2x.png in Resources */,
				2B04671925ECE0C600E69F41 /* rectangle@2x.png in Resources */,
				2B04672525ECE0C600E69F41 /* privacy_btn@3x.png in Resources */,
				2B04671A25ECE0C600E69F41 /* rectangle@3x.png in Resources */,
				2BA66BAA2604809400932FC2 /* cancel_check@3x.png in Resources */,
			);
			runOnlyForDeploymentPostprocessing = 0;
		};
/* End PBXResourcesBuildPhase section */

/* Begin PBXShellScriptBuildPhase section */
		4177B1900010E21533E74BD5 /* [CP] Check Pods Manifest.lock */ = {
			isa = PBXShellScriptBuildPhase;
			buildActionMask = 2147483647;
			files = (
			);
			inputFileListPaths = (
			);
			inputPaths = (
				"${PODS_PODFILE_DIR_PATH}/Podfile.lock",
				"${PODS_ROOT}/Manifest.lock",
			);
			name = "[CP] Check Pods Manifest.lock";
			outputFileListPaths = (
			);
			outputPaths = (
				"$(DERIVED_FILE_DIR)/Pods-超强清理-checkManifestLockResult.txt",
			);
			runOnlyForDeploymentPostprocessing = 0;
			shellPath = /bin/sh;
			shellScript = "diff \"${PODS_PODFILE_DIR_PATH}/Podfile.lock\" \"${PODS_ROOT}/Manifest.lock\" > /dev/null\nif [ $? != 0 ] ; then\n    # print error to STDERR\n    echo \"error: The sandbox is not in sync with the Podfile.lock. Run 'pod install' or update your CocoaPods installation.\" >&2\n    exit 1\nfi\n# This output is used by Xcode 'outputs' to avoid re-running this script phase.\necho \"SUCCESS\" > \"${SCRIPT_OUTPUT_FILE_0}\"\n";
			showEnvVarsInLog = 0;
		};
		DF134796505EC75E12EE86A1 /* [CP] Embed Pods Frameworks */ = {
			isa = PBXShellScriptBuildPhase;
			buildActionMask = 2147483647;
			files = (
			);
			inputFileListPaths = (
				"${PODS_ROOT}/Target Support Files/Pods-超强清理/Pods-超强清理-frameworks-${CONFIGURATION}-input-files.xcfilelist",
			);
			name = "[CP] Embed Pods Frameworks";
			outputFileListPaths = (
				"${PODS_ROOT}/Target Support Files/Pods-超强清理/Pods-超强清理-frameworks-${CONFIGURATION}-output-files.xcfilelist",
			);
			runOnlyForDeploymentPostprocessing = 0;
			shellPath = /bin/sh;
			shellScript = "\"${PODS_ROOT}/Target Support Files/Pods-超强清理/Pods-超强清理-frameworks.sh\"\n";
			showEnvVarsInLog = 0;
		};
/* End PBXShellScriptBuildPhase section */

/* Begin PBXSourcesBuildPhase section */
		2B80840225B9622F0056938B /* Sources */ = {
			isa = PBXSourcesBuildPhase;
			buildActionMask = 2147483647;
			files = (
				2B43AFA925F65B210016A39F /* CalendarTableViewCell.m in Sources */,
				2BE7894A25DFAFAD00E187A3 /* QMUIConfigurationTemplateGrass.m in Sources */,
				2BDAEF0F25F8B8C700A5D53C /* PhotoContentModel.m in Sources */,
				2B041A4E25E6838000E69F41 /* PhotoAnalysis.m in Sources */,
				2BA189C525F4A54A006E66DD /* AJPhotoGroupView.m in Sources */,
				2B0475CE25EDF66300E69F41 /* UICircularDiagramView.m in Sources */,
				2BDAEF0E25F8B8C700A5D53C /* PhotoTypeModel.m in Sources */,
				2B80840B25B9622F0056938B /* AppDelegate.m in Sources */,
				2BA189C625F4A54A006E66DD /* AJPhotoListCellTapView.m in Sources */,
				2BE7981425DFE57900E187A3 /* DataManger.m in Sources */,
				2BA189C725F4A54A006E66DD /* AJPhotoPickerViewController.m in Sources */,
				2BE7893525DF972F00E187A3 /* UIBaseViewController.m in Sources */,
				2B40710425F26DB7005C9088 /* XLGesturePasswordCell.m in Sources */,
				2B07ED5025BEB4D2006BFBE7 /* Public.m in Sources */,
				2B40710625F26DB7005C9088 /* XLGesturePassword.m in Sources */,
				2BDAEF1025F8B8C700A5D53C /* PhotoSimilarTableViewCell.m in Sources */,
				2B43AFA525F65B190016A39F /* CalendarTypeModel.m in Sources */,
				2B43743525F518220016A39F /* UIImgPreviewViewController.m in Sources */,
				2BA189C425F4A54A006E66DD /* AJPhotoListView.m in Sources */,
				2B43AF9D25F65B0E0016A39F /* UICalendarSearchResultViewController.m in Sources */,
				2BA189C325F4A54A006E66DD /* AJPhotoListCell.m in Sources */,
				2BA189C225F4A54A006E66DD /* AJPhotoGroupCell.m in Sources */,
				2B04BF2C25E5323000E69F41 /* UIPrivacySearchResultViewController.m in Sources */,
				2BA65C5D2603A71100932FC2 /* GetSimilarity.mm in Sources */,
				2B80841C25B962300056938B /* main.m in Sources */,
				2B04BF3025E535CC00E69F41 /* UIPhotoSearchResultViewController.m in Sources */,
				2BE788E125DF748A00E187A3 /* UISearchViewController.m in Sources */,
				2B07ED4725BEB494006BFBE7 /* GlobalConst.m in Sources */,
				2B43743225F516C50016A39F /* UIImgPreviewCollectionView.m in Sources */,
				2B40710525F26DB7005C9088 /* XLGestureInfoViewCell.m in Sources */,
				2BE7888625DF686900E187A3 /* UIRootViewController.mm in Sources */,
				2BA189C925F4A54A006E66DD /* AJGradientView.m in Sources */,
				2B43AFA625F65B190016A39F /* CalendarContentModel.m in Sources */,
				2BDAEF1625F8C4A100A5D53C /* PhotoNomalTableViewCell.m in Sources */,
			);
			runOnlyForDeploymentPostprocessing = 0;
		};
/* End PBXSourcesBuildPhase section */

/* Begin PBXVariantGroup section */
		2B80841725B962300056938B /* LaunchScreen.storyboard */ = {
			isa = PBXVariantGroup;
			children = (
				2B80841825B962300056938B /* Base */,
			);
			name = LaunchScreen.storyboard;
			sourceTree = "<group>";
		};
/* End PBXVariantGroup section */

/* Begin XCBuildConfiguration section */
		2B80843325B962310056938B /* Debug */ = {
			isa = XCBuildConfiguration;
			buildSettings = {
				ALWAYS_SEARCH_USER_PATHS = NO;
				CLANG_ANALYZER_NONNULL = YES;
				CLANG_ANALYZER_NUMBER_OBJECT_CONVERSION = YES_AGGRESSIVE;
				CLANG_CXX_LANGUAGE_STANDARD = "gnu++14";
				CLANG_CXX_LIBRARY = "libc++";
				CLANG_ENABLE_MODULES = YES;
				CLANG_ENABLE_OBJC_ARC = YES;
				CLANG_ENABLE_OBJC_WEAK = YES;
				CLANG_WARN_BLOCK_CAPTURE_AUTORELEASING = YES;
				CLANG_WARN_BOOL_CONVERSION = YES;
				CLANG_WARN_COMMA = YES;
				CLANG_WARN_CONSTANT_CONVERSION = YES;
				CLANG_WARN_DEPRECATED_OBJC_IMPLEMENTATIONS = YES;
				CLANG_WARN_DIRECT_OBJC_ISA_USAGE = YES_ERROR;
				CLANG_WARN_DOCUMENTATION_COMMENTS = YES;
				CLANG_WARN_EMPTY_BODY = YES;
				CLANG_WARN_ENUM_CONVERSION = YES;
				CLANG_WARN_INFINITE_RECURSION = YES;
				CLANG_WARN_INT_CONVERSION = YES;
				CLANG_WARN_NON_LITERAL_NULL_CONVERSION = YES;
				CLANG_WARN_OBJC_IMPLICIT_RETAIN_SELF = YES;
				CLANG_WARN_OBJC_LITERAL_CONVERSION = YES;
				CLANG_WARN_OBJC_ROOT_CLASS = YES_ERROR;
				CLANG_WARN_QUOTED_INCLUDE_IN_FRAMEWORK_HEADER = YES;
				CLANG_WARN_RANGE_LOOP_ANALYSIS = YES;
				CLANG_WARN_STRICT_PROTOTYPES = YES;
				CLANG_WARN_SUSPICIOUS_MOVE = YES;
				CLANG_WARN_UNGUARDED_AVAILABILITY = YES_AGGRESSIVE;
				CLANG_WARN_UNREACHABLE_CODE = YES;
				CLANG_WARN__DUPLICATE_METHOD_MATCH = YES;
				COPY_PHASE_STRIP = NO;
				DEBUG_INFORMATION_FORMAT = dwarf;
				ENABLE_STRICT_OBJC_MSGSEND = YES;
				ENABLE_TESTABILITY = YES;
				GCC_C_LANGUAGE_STANDARD = gnu11;
				GCC_DYNAMIC_NO_PIC = NO;
				GCC_NO_COMMON_BLOCKS = YES;
				GCC_OPTIMIZATION_LEVEL = 0;
				GCC_PREPROCESSOR_DEFINITIONS = (
					"DEBUG=1",
					"$(inherited)",
				);
				GCC_WARN_64_TO_32_BIT_CONVERSION = YES;
				GCC_WARN_ABOUT_RETURN_TYPE = YES_ERROR;
				GCC_WARN_UNDECLARED_SELECTOR = YES;
				GCC_WARN_UNINITIALIZED_AUTOS = YES_AGGRESSIVE;
				GCC_WARN_UNUSED_FUNCTION = YES;
				GCC_WARN_UNUSED_VARIABLE = YES;
				IPHONEOS_DEPLOYMENT_TARGET = 10.0;
				MTL_ENABLE_DEBUG_INFO = INCLUDE_SOURCE;
				MTL_FAST_MATH = YES;
				ONLY_ACTIVE_ARCH = YES;
				SDKROOT = iphoneos;
			};
			name = Debug;
		};
		2B80843425B962310056938B /* Release */ = {
			isa = XCBuildConfiguration;
			buildSettings = {
				ALWAYS_SEARCH_USER_PATHS = NO;
				CLANG_ANALYZER_NONNULL = YES;
				CLANG_ANALYZER_NUMBER_OBJECT_CONVERSION = YES_AGGRESSIVE;
				CLANG_CXX_LANGUAGE_STANDARD = "gnu++14";
				CLANG_CXX_LIBRARY = "libc++";
				CLANG_ENABLE_MODULES = YES;
				CLANG_ENABLE_OBJC_ARC = YES;
				CLANG_ENABLE_OBJC_WEAK = YES;
				CLANG_WARN_BLOCK_CAPTURE_AUTORELEASING = YES;
				CLANG_WARN_BOOL_CONVERSION = YES;
				CLANG_WARN_COMMA = YES;
				CLANG_WARN_CONSTANT_CONVERSION = YES;
				CLANG_WARN_DEPRECATED_OBJC_IMPLEMENTATIONS = YES;
				CLANG_WARN_DIRECT_OBJC_ISA_USAGE = YES_ERROR;
				CLANG_WARN_DOCUMENTATION_COMMENTS = YES;
				CLANG_WARN_EMPTY_BODY = YES;
				CLANG_WARN_ENUM_CONVERSION = YES;
				CLANG_WARN_INFINITE_RECURSION = YES;
				CLANG_WARN_INT_CONVERSION = YES;
				CLANG_WARN_NON_LITERAL_NULL_CONVERSION = YES;
				CLANG_WARN_OBJC_IMPLICIT_RETAIN_SELF = YES;
				CLANG_WARN_OBJC_LITERAL_CONVERSION = YES;
				CLANG_WARN_OBJC_ROOT_CLASS = YES_ERROR;
				CLANG_WARN_QUOTED_INCLUDE_IN_FRAMEWORK_HEADER = YES;
				CLANG_WARN_RANGE_LOOP_ANALYSIS = YES;
				CLANG_WARN_STRICT_PROTOTYPES = YES;
				CLANG_WARN_SUSPICIOUS_MOVE = YES;
				CLANG_WARN_UNGUARDED_AVAILABILITY = YES_AGGRESSIVE;
				CLANG_WARN_UNREACHABLE_CODE = YES;
				CLANG_WARN__DUPLICATE_METHOD_MATCH = YES;
				COPY_PHASE_STRIP = NO;
				DEBUG_INFORMATION_FORMAT = "dwarf-with-dsym";
				ENABLE_NS_ASSERTIONS = NO;
				ENABLE_STRICT_OBJC_MSGSEND = YES;
				GCC_C_LANGUAGE_STANDARD = gnu11;
				GCC_NO_COMMON_BLOCKS = YES;
				GCC_WARN_64_TO_32_BIT_CONVERSION = YES;
				GCC_WARN_ABOUT_RETURN_TYPE = YES_ERROR;
				GCC_WARN_UNDECLARED_SELECTOR = YES;
				GCC_WARN_UNINITIALIZED_AUTOS = YES_AGGRESSIVE;
				GCC_WARN_UNUSED_FUNCTION = YES;
				GCC_WARN_UNUSED_VARIABLE = YES;
				IPHONEOS_DEPLOYMENT_TARGET = 10.0;
				MTL_ENABLE_DEBUG_INFO = NO;
				MTL_FAST_MATH = YES;
				SDKROOT = iphoneos;
				VALIDATE_PRODUCT = YES;
			};
			name = Release;
		};
		2B80843625B962310056938B /* Debug */ = {
			isa = XCBuildConfiguration;
			baseConfigurationReference = 5ECECC83E5B8757E0BEE85C1 /* Pods-超强清理.debug.xcconfig */;
			buildSettings = {
				ASSETCATALOG_COMPILER_APPICON_NAME = AppIcon;
				ASSETCATALOG_COMPILER_GLOBAL_ACCENT_COLOR_NAME = AccentColor;
				CODE_SIGN_IDENTITY = "Apple Development";
				CODE_SIGN_STYLE = Automatic;
				DEVELOPMENT_TEAM = 7Q96SJWY52;
				ENABLE_BITCODE = NO;
				EXCLUDED_ARCHS = "EXCLUDED_ARCHS__EFFECTIVE_PLATFORM_SUFFIX_simulator__NATIVE_ARCH_64_BIT_x86_64=arm64 arm64e armv7 armv7s armv6 armv8 EXCLUDED_ARCHS=$(inherited) $(EXCLUDED_ARCHS__EFFECTIVE_PLATFORM_SUFFIX_$(EFFECTIVE_PLATFORM_SUFFIX)__NATIVE_ARCH_64_BIT_$(NATIVE_ARCH_64_BIT))";
				GCC_PREFIX_HEADER = "./IOSBaseTemplate/Supporting Files/PrefixHeader.pch";
				HEADER_SEARCH_PATHS = "\"$(SRCROOT)/SubProjectForLogin\"";
				INFOPLIST_FILE = "IOSBaseTemplate/Supporting Files/Info.plist";
				IPHONEOS_DEPLOYMENT_TARGET = 10.0;
				LD_RUNPATH_SEARCH_PATHS = (
					"$(inherited)",
					"@executable_path/Frameworks",
				);
				PRODUCT_BUNDLE_IDENTIFIER = com.jason.superclean;
				PRODUCT_NAME = "$(TARGET_NAME)";
				PROVISIONING_PROFILE_SPECIFIER = "";
				TARGETED_DEVICE_FAMILY = 1;
			};
			name = Debug;
		};
		2B80843725B962310056938B /* Release */ = {
			isa = XCBuildConfiguration;
			baseConfigurationReference = 135E5580AB8C2A9F35945754 /* Pods-超强清理.release.xcconfig */;
			buildSettings = {
				ASSETCATALOG_COMPILER_APPICON_NAME = AppIcon;
				ASSETCATALOG_COMPILER_GLOBAL_ACCENT_COLOR_NAME = AccentColor;
				CODE_SIGN_IDENTITY = "Apple Development";
				CODE_SIGN_STYLE = Automatic;
				DEVELOPMENT_TEAM = 7Q96SJWY52;
				ENABLE_BITCODE = NO;
				EXCLUDED_ARCHS = "EXCLUDED_ARCHS__EFFECTIVE_PLATFORM_SUFFIX_simulator__NATIVE_ARCH_64_BIT_x86_64=arm64 arm64e armv7 armv7s armv6 armv8 EXCLUDED_ARCHS=$(inherited) $(EXCLUDED_ARCHS__EFFECTIVE_PLATFORM_SUFFIX_$(EFFECTIVE_PLATFORM_SUFFIX)__NATIVE_ARCH_64_BIT_$(NATIVE_ARCH_64_BIT))";
				GCC_PREFIX_HEADER = "./IOSBaseTemplate/Supporting Files/PrefixHeader.pch";
				HEADER_SEARCH_PATHS = "\"$(SRCROOT)/SubProjectForLogin\"";
				INFOPLIST_FILE = "IOSBaseTemplate/Supporting Files/Info.plist";
				IPHONEOS_DEPLOYMENT_TARGET = 10.0;
				LD_RUNPATH_SEARCH_PATHS = (
					"$(inherited)",
					"@executable_path/Frameworks",
				);
				PRODUCT_BUNDLE_IDENTIFIER = com.jason.superclean;
				PRODUCT_NAME = "$(TARGET_NAME)";
				PROVISIONING_PROFILE_SPECIFIER = "";
				TARGETED_DEVICE_FAMILY = 1;
			};
			name = Release;
		};
/* End XCBuildConfiguration section */

/* Begin XCConfigurationList section */
		2B80840125B9622F0056938B /* Build configuration list for PBXProject "超强清理" */ = {
			isa = XCConfigurationList;
			buildConfigurations = (
				2B80843325B962310056938B /* Debug */,
				2B80843425B962310056938B /* Release */,
			);
			defaultConfigurationIsVisible = 0;
			defaultConfigurationName = Release;
		};
		2B80843525B962310056938B /* Build configuration list for PBXNativeTarget "超强清理" */ = {
			isa = XCConfigurationList;
			buildConfigurations = (
				2B80843625B962310056938B /* Debug */,
				2B80843725B962310056938B /* Release */,
			);
			defaultConfigurationIsVisible = 0;
			defaultConfigurationName = Release;
		};
/* End XCConfigurationList section */
	};
	rootObject = 2B8083FE25B9622F0056938B /* Project object */;
}
