// !$*UTF8*$!
{
	archiveVersion = 1;
	classes = {
	};
	objectVersion = 51;
	objects = {

/* Begin PBXBuildFile section */
		2B07ED4725BEB494006BFBE7 /* GlobalConst.m in Sources */ = {isa = PBXBuildFile; fileRef = 2B07ED4625BEB494006BFBE7 /* GlobalConst.m */; };
		2B07ED5025BEB4D2006BFBE7 /* Public.m in Sources */ = {isa = PBXBuildFile; fileRef = 2B07ED4F25BEB4D2006BFBE7 /* Public.m */; };
		2B80840B25B9622F0056938B /* AppDelegate.m in Sources */ = {isa = PBXBuildFile; fileRef = 2B80840A25B9622F0056938B /* AppDelegate.m */; };
		2B80841625B962300056938B /* Assets.xcassets in Resources */ = {isa = PBXBuildFile; fileRef = 2B80841525B962300056938B /* Assets.xcassets */; };
		2B80841925B962300056938B /* LaunchScreen.storyboard in Resources */ = {isa = PBXBuildFile; fileRef = 2B80841725B962300056938B /* LaunchScreen.storyboard */; };
		2B80841C25B962300056938B /* main.m in Sources */ = {isa = PBXBuildFile; fileRef = 2B80841B25B962300056938B /* main.m */; };
		2BE7886625DF63CA00E187A3 /* QMUIKit.framework in Frameworks */ = {isa = PBXBuildFile; fileRef = 2BE7884F25DF632B00E187A3 /* QMUIKit.framework */; };
		2BE7886725DF63CA00E187A3 /* QMUIKit.framework in Embed Frameworks */ = {isa = PBXBuildFile; fileRef = 2BE7884F25DF632B00E187A3 /* QMUIKit.framework */; settings = {ATTRIBUTES = (CodeSignOnCopy, RemoveHeadersOnCopy, ); }; };
		2BE7888625DF686900E187A3 /* UIRootViewController.mm in Sources */ = {isa = PBXBuildFile; fileRef = 2BE7888425DF686900E187A3 /* UIRootViewController.mm */; };
		2BE788E125DF748A00E187A3 /* UISearchViewController.m in Sources */ = {isa = PBXBuildFile; fileRef = 2BE788E025DF748A00E187A3 /* UISearchViewController.m */; };
		2BE7890D25DF817700E187A3 /* rect.png in Resources */ = {isa = PBXBuildFile; fileRef = 2BE7890C25DF817700E187A3 /* rect.png */; };
		2BE7893525DF972F00E187A3 /* UIBaseViewController.m in Sources */ = {isa = PBXBuildFile; fileRef = 2BE7893425DF972F00E187A3 /* UIBaseViewController.m */; };
		2BE7894A25DFAFAD00E187A3 /* QMUIConfigurationTemplateGrass.m in Sources */ = {isa = PBXBuildFile; fileRef = 2BE7894925DFAFAD00E187A3 /* QMUIConfigurationTemplateGrass.m */; };
		2BE7981425DFE57900E187A3 /* DataManger.m in Sources */ = {isa = PBXBuildFile; fileRef = 2BE7981325DFE57900E187A3 /* DataManger.m */; };
		2BE7981725DFE59300E187A3 /* UICalendarSearchResultViewController.m in Sources */ = {isa = PBXBuildFile; fileRef = 2BE7981625DFE59300E187A3 /* UICalendarSearchResultViewController.m */; };
		2BE7B59F25E0E99700E187A3 /* WYComponentTableSectionItem.m in Sources */ = {isa = PBXBuildFile; fileRef = 2BE7B58925E0E99700E187A3 /* WYComponentTableSectionItem.m */; };
		2BE7B5A025E0E99700E187A3 /* KSTemplateViewModel.m in Sources */ = {isa = PBXBuildFile; fileRef = 2BE7B58F25E0E99700E187A3 /* KSTemplateViewModel.m */; };
		2BE7B5A125E0E99700E187A3 /* KSTemplateListItem.m in Sources */ = {isa = PBXBuildFile; fileRef = 2BE7B59225E0E99700E187A3 /* KSTemplateListItem.m */; };
		2BE7B5A225E0E99700E187A3 /* KSTemplateTableViewCell.m in Sources */ = {isa = PBXBuildFile; fileRef = 2BE7B59425E0E99700E187A3 /* KSTemplateTableViewCell.m */; };
		2BE7B5A325E0E99700E187A3 /* KSTemplateListViewController.m in Sources */ = {isa = PBXBuildFile; fileRef = 2BE7B59725E0E99700E187A3 /* KSTemplateListViewController.m */; };
		2BE7B5A425E0E99700E187A3 /* WYComponentTableCategory.mm in Sources */ = {isa = PBXBuildFile; fileRef = 2BE7B59825E0E99700E187A3 /* WYComponentTableCategory.mm */; };
		2BE7B5A525E0E99700E187A3 /* WYComponentTableItem.m in Sources */ = {isa = PBXBuildFile; fileRef = 2BE7B59A25E0E99700E187A3 /* WYComponentTableItem.m */; };
		2BE7B5A625E0E99700E187A3 /* WYComponentTableViewController.mm in Sources */ = {isa = PBXBuildFile; fileRef = 2BE7B59C25E0E99700E187A3 /* WYComponentTableViewController.mm */; };
		3FF478ED5A0FDF50CDB02108 /* libPods-IOSBaseTemplate.a in Frameworks */ = {isa = PBXBuildFile; fileRef = 74DB79F1379E8A206D3B70EB /* libPods-IOSBaseTemplate.a */; };
/* End PBXBuildFile section */

/* Begin PBXContainerItemProxy section */
		2BE7884E25DF632B00E187A3 /* PBXContainerItemProxy */ = {
			isa = PBXContainerItemProxy;
			containerPortal = 2BE7884925DF632B00E187A3 /* qmui.xcodeproj */;
			proxyType = 2;
			remoteGlobalIDString = FE0AFAD11D82B9D8000D21D9;
			remoteInfo = QMUIKit;
		};
		2BE7885025DF632B00E187A3 /* PBXContainerItemProxy */ = {
			isa = PBXContainerItemProxy;
			containerPortal = 2BE7884925DF632B00E187A3 /* qmui.xcodeproj */;
			proxyType = 2;
			remoteGlobalIDString = CD4EA571228C401E00A55066;
			remoteInfo = QMUIKitTests;
		};
/* End PBXContainerItemProxy section */

/* Begin PBXCopyFilesBuildPhase section */
		2BE7886825DF63CB00E187A3 /* Embed Frameworks */ = {
			isa = PBXCopyFilesBuildPhase;
			buildActionMask = 2147483647;
			dstPath = "";
			dstSubfolderSpec = 10;
			files = (
				2BE7886725DF63CA00E187A3 /* QMUIKit.framework in Embed Frameworks */,
			);
			name = "Embed Frameworks";
			runOnlyForDeploymentPostprocessing = 0;
		};
/* End PBXCopyFilesBuildPhase section */

/* Begin PBXFileReference section */
		2B07ED4525BEB494006BFBE7 /* GlobalConst.h */ = {isa = PBXFileReference; lastKnownFileType = sourcecode.c.h; path = GlobalConst.h; sourceTree = "<group>"; };
		2B07ED4625BEB494006BFBE7 /* GlobalConst.m */ = {isa = PBXFileReference; lastKnownFileType = sourcecode.c.objc; path = GlobalConst.m; sourceTree = "<group>"; };
		2B07ED4E25BEB4D2006BFBE7 /* Public.h */ = {isa = PBXFileReference; lastKnownFileType = sourcecode.c.h; path = Public.h; sourceTree = "<group>"; };
		2B07ED4F25BEB4D2006BFBE7 /* Public.m */ = {isa = PBXFileReference; lastKnownFileType = sourcecode.c.objc; path = Public.m; sourceTree = "<group>"; };
		2B07ED5425BEB51C006BFBE7 /* PrefixHeader.pch */ = {isa = PBXFileReference; lastKnownFileType = sourcecode.c.h; path = PrefixHeader.pch; sourceTree = "<group>"; };
		2B80840625B9622F0056938B /* IOSBaseTemplate.app */ = {isa = PBXFileReference; explicitFileType = wrapper.application; includeInIndex = 0; path = IOSBaseTemplate.app; sourceTree = BUILT_PRODUCTS_DIR; };
		2B80840925B9622F0056938B /* AppDelegate.h */ = {isa = PBXFileReference; lastKnownFileType = sourcecode.c.h; path = AppDelegate.h; sourceTree = "<group>"; };
		2B80840A25B9622F0056938B /* AppDelegate.m */ = {isa = PBXFileReference; lastKnownFileType = sourcecode.c.objc; path = AppDelegate.m; sourceTree = "<group>"; };
		2B80841525B962300056938B /* Assets.xcassets */ = {isa = PBXFileReference; lastKnownFileType = folder.assetcatalog; path = Assets.xcassets; sourceTree = "<group>"; };
		2B80841825B962300056938B /* Base */ = {isa = PBXFileReference; lastKnownFileType = file.storyboard; name = Base; path = Base.lproj/LaunchScreen.storyboard; sourceTree = "<group>"; };
		2B80841A25B962300056938B /* Info.plist */ = {isa = PBXFileReference; lastKnownFileType = text.plist.xml; path = Info.plist; sourceTree = "<group>"; };
		2B80841B25B962300056938B /* main.m */ = {isa = PBXFileReference; lastKnownFileType = sourcecode.c.objc; path = main.m; sourceTree = "<group>"; };
		2BE7884925DF632B00E187A3 /* qmui.xcodeproj */ = {isa = PBXFileReference; lastKnownFileType = "wrapper.pb-project"; name = qmui.xcodeproj; path = QMUI/qmui.xcodeproj; sourceTree = "<group>"; };
		2BE7888425DF686900E187A3 /* UIRootViewController.mm */ = {isa = PBXFileReference; fileEncoding = 4; lastKnownFileType = sourcecode.cpp.objcpp; path = UIRootViewController.mm; sourceTree = "<group>"; };
		2BE7888525DF686900E187A3 /* UIRootViewController.h */ = {isa = PBXFileReference; fileEncoding = 4; lastKnownFileType = sourcecode.c.h; path = UIRootViewController.h; sourceTree = "<group>"; };
		2BE788DF25DF748A00E187A3 /* UISearchViewController.h */ = {isa = PBXFileReference; lastKnownFileType = sourcecode.c.h; path = UISearchViewController.h; sourceTree = "<group>"; };
		2BE788E025DF748A00E187A3 /* UISearchViewController.m */ = {isa = PBXFileReference; lastKnownFileType = sourcecode.c.objc; path = UISearchViewController.m; sourceTree = "<group>"; };
		2BE7890C25DF817700E187A3 /* rect.png */ = {isa = PBXFileReference; lastKnownFileType = image.png; path = rect.png; sourceTree = "<group>"; };
		2BE7892225DF962400E187A3 /* UIBaseViewController.h */ = {isa = PBXFileReference; fileEncoding = 4; lastKnownFileType = sourcecode.c.h; path = UIBaseViewController.h; sourceTree = "<group>"; };
		2BE7893425DF972F00E187A3 /* UIBaseViewController.m */ = {isa = PBXFileReference; fileEncoding = 4; lastKnownFileType = sourcecode.c.objc; path = UIBaseViewController.m; sourceTree = "<group>"; };
		2BE7894625DFAFAD00E187A3 /* QMUIConfigurationTemplateGrass.h */ = {isa = PBXFileReference; fileEncoding = 4; lastKnownFileType = sourcecode.c.h; path = QMUIConfigurationTemplateGrass.h; sourceTree = "<group>"; };
		2BE7894925DFAFAD00E187A3 /* QMUIConfigurationTemplateGrass.m */ = {isa = PBXFileReference; fileEncoding = 4; lastKnownFileType = sourcecode.c.objc; path = QMUIConfigurationTemplateGrass.m; sourceTree = "<group>"; };
		2BE7981225DFE57900E187A3 /* DataManger.h */ = {isa = PBXFileReference; fileEncoding = 4; lastKnownFileType = sourcecode.c.h; path = DataManger.h; sourceTree = "<group>"; };
		2BE7981325DFE57900E187A3 /* DataManger.m */ = {isa = PBXFileReference; fileEncoding = 4; lastKnownFileType = sourcecode.c.objc; path = DataManger.m; sourceTree = "<group>"; };
		2BE7981525DFE59300E187A3 /* UICalendarSearchResultViewController.h */ = {isa = PBXFileReference; fileEncoding = 4; lastKnownFileType = sourcecode.c.h; path = UICalendarSearchResultViewController.h; sourceTree = "<group>"; };
		2BE7981625DFE59300E187A3 /* UICalendarSearchResultViewController.m */ = {isa = PBXFileReference; fileEncoding = 4; lastKnownFileType = sourcecode.c.objc; path = UICalendarSearchResultViewController.m; sourceTree = "<group>"; };
		2BE7B58925E0E99700E187A3 /* WYComponentTableSectionItem.m */ = {isa = PBXFileReference; fileEncoding = 4; lastKnownFileType = sourcecode.c.objc; path = WYComponentTableSectionItem.m; sourceTree = "<group>"; };
		2BE7B58A25E0E99700E187A3 /* WYComponentTableItem.h */ = {isa = PBXFileReference; fileEncoding = 4; lastKnownFileType = sourcecode.c.h; path = WYComponentTableItem.h; sourceTree = "<group>"; };
		2BE7B58B25E0E99700E187A3 /* WYComponentTableCategory.h */ = {isa = PBXFileReference; fileEncoding = 4; lastKnownFileType = sourcecode.c.h; path = WYComponentTableCategory.h; sourceTree = "<group>"; };
		2BE7B58E25E0E99700E187A3 /* KSTemplateViewModel.h */ = {isa = PBXFileReference; fileEncoding = 4; lastKnownFileType = sourcecode.c.h; path = KSTemplateViewModel.h; sourceTree = "<group>"; };
		2BE7B58F25E0E99700E187A3 /* KSTemplateViewModel.m */ = {isa = PBXFileReference; fileEncoding = 4; lastKnownFileType = sourcecode.c.objc; path = KSTemplateViewModel.m; sourceTree = "<group>"; };
		2BE7B59125E0E99700E187A3 /* KSTemplateListItem.h */ = {isa = PBXFileReference; fileEncoding = 4; lastKnownFileType = sourcecode.c.h; path = KSTemplateListItem.h; sourceTree = "<group>"; };
		2BE7B59225E0E99700E187A3 /* KSTemplateListItem.m */ = {isa = PBXFileReference; fileEncoding = 4; lastKnownFileType = sourcecode.c.objc; path = KSTemplateListItem.m; sourceTree = "<group>"; };
		2BE7B59425E0E99700E187A3 /* KSTemplateTableViewCell.m */ = {isa = PBXFileReference; fileEncoding = 4; lastKnownFileType = sourcecode.c.objc; path = KSTemplateTableViewCell.m; sourceTree = "<group>"; };
		2BE7B59525E0E99700E187A3 /* KSTemplateListViewController.h */ = {isa = PBXFileReference; fileEncoding = 4; lastKnownFileType = sourcecode.c.h; path = KSTemplateListViewController.h; sourceTree = "<group>"; };
		2BE7B59625E0E99700E187A3 /* KSTemplateTableViewCell.h */ = {isa = PBXFileReference; fileEncoding = 4; lastKnownFileType = sourcecode.c.h; path = KSTemplateTableViewCell.h; sourceTree = "<group>"; };
		2BE7B59725E0E99700E187A3 /* KSTemplateListViewController.m */ = {isa = PBXFileReference; fileEncoding = 4; lastKnownFileType = sourcecode.c.objc; path = KSTemplateListViewController.m; sourceTree = "<group>"; };
		2BE7B59825E0E99700E187A3 /* WYComponentTableCategory.mm */ = {isa = PBXFileReference; fileEncoding = 4; lastKnownFileType = sourcecode.cpp.objcpp; path = WYComponentTableCategory.mm; sourceTree = "<group>"; };
		2BE7B59925E0E99700E187A3 /* WYComponentTableViewController.h */ = {isa = PBXFileReference; fileEncoding = 4; lastKnownFileType = sourcecode.c.h; path = WYComponentTableViewController.h; sourceTree = "<group>"; };
		2BE7B59A25E0E99700E187A3 /* WYComponentTableItem.m */ = {isa = PBXFileReference; fileEncoding = 4; lastKnownFileType = sourcecode.c.objc; path = WYComponentTableItem.m; sourceTree = "<group>"; };
		2BE7B59B25E0E99700E187A3 /* WYComponentTableSectionItem.h */ = {isa = PBXFileReference; fileEncoding = 4; lastKnownFileType = sourcecode.c.h; path = WYComponentTableSectionItem.h; sourceTree = "<group>"; };
		2BE7B59C25E0E99700E187A3 /* WYComponentTableViewController.mm */ = {isa = PBXFileReference; fileEncoding = 4; lastKnownFileType = sourcecode.cpp.objcpp; path = WYComponentTableViewController.mm; sourceTree = "<group>"; };
		34C8DBEE0E30BC288B3EF482 /* Pods-IOSBaseTemplate.release.xcconfig */ = {isa = PBXFileReference; includeInIndex = 1; lastKnownFileType = text.xcconfig; name = "Pods-IOSBaseTemplate.release.xcconfig"; path = "Target Support Files/Pods-IOSBaseTemplate/Pods-IOSBaseTemplate.release.xcconfig"; sourceTree = "<group>"; };
		74DB79F1379E8A206D3B70EB /* libPods-IOSBaseTemplate.a */ = {isa = PBXFileReference; explicitFileType = archive.ar; includeInIndex = 0; path = "libPods-IOSBaseTemplate.a"; sourceTree = BUILT_PRODUCTS_DIR; };
		DC60344916A49D1629F613B6 /* Pods-IOSBaseTemplate.debug.xcconfig */ = {isa = PBXFileReference; includeInIndex = 1; lastKnownFileType = text.xcconfig; name = "Pods-IOSBaseTemplate.debug.xcconfig"; path = "Target Support Files/Pods-IOSBaseTemplate/Pods-IOSBaseTemplate.debug.xcconfig"; sourceTree = "<group>"; };
/* End PBXFileReference section */

/* Begin PBXFrameworksBuildPhase section */
		2B80840325B9622F0056938B /* Frameworks */ = {
			isa = PBXFrameworksBuildPhase;
			buildActionMask = 2147483647;
			files = (
				2BE7886625DF63CA00E187A3 /* QMUIKit.framework in Frameworks */,
				3FF478ED5A0FDF50CDB02108 /* libPods-IOSBaseTemplate.a in Frameworks */,
			);
			runOnlyForDeploymentPostprocessing = 0;
		};
/* End PBXFrameworksBuildPhase section */

/* Begin PBXGroup section */
		11B8242BE4560ABADCC0F19D /* Pods */ = {
			isa = PBXGroup;
			children = (
				DC60344916A49D1629F613B6 /* Pods-IOSBaseTemplate.debug.xcconfig */,
				34C8DBEE0E30BC288B3EF482 /* Pods-IOSBaseTemplate.release.xcconfig */,
			);
			path = Pods;
			sourceTree = "<group>";
		};
		2B07ED3C25BEB396006BFBE7 /* Frameworks */ = {
			isa = PBXGroup;
			children = (
				74DB79F1379E8A206D3B70EB /* libPods-IOSBaseTemplate.a */,
			);
			name = Frameworks;
			sourceTree = "<group>";
		};
		2B07ED4125BEB3E0006BFBE7 /* Macro */ = {
			isa = PBXGroup;
			children = (
				2B07ED4525BEB494006BFBE7 /* GlobalConst.h */,
				2B07ED4625BEB494006BFBE7 /* GlobalConst.m */,
				2B07ED4E25BEB4D2006BFBE7 /* Public.h */,
				2B07ED4F25BEB4D2006BFBE7 /* Public.m */,
			);
			path = Macro;
			sourceTree = "<group>";
		};
		2B07ED4225BEB3EE006BFBE7 /* General */ = {
			isa = PBXGroup;
			children = (
				2B07ED4125BEB3E0006BFBE7 /* Macro */,
				2BE7B58825E0E99700E187A3 /* WWKEasyTableViewController */,
				2BE7892225DF962400E187A3 /* UIBaseViewController.h */,
				2BE7893425DF972F00E187A3 /* UIBaseViewController.m */,
			);
			path = General;
			sourceTree = "<group>";
		};
		2B07ED4325BEB43C006BFBE7 /* Podspec Metadata */ = {
			isa = PBXGroup;
			children = (
			);
			path = "Podspec Metadata";
			sourceTree = "<group>";
		};
		2B8083FD25B9622F0056938B = {
			isa = PBXGroup;
			children = (
				2BE7884925DF632B00E187A3 /* qmui.xcodeproj */,
				2B80840825B9622F0056938B /* IOSBaseTemplate */,
				2B80840725B9622F0056938B /* Products */,
				2B07ED3C25BEB396006BFBE7 /* Frameworks */,
				11B8242BE4560ABADCC0F19D /* Pods */,
			);
			sourceTree = "<group>";
		};
		2B80840725B9622F0056938B /* Products */ = {
			isa = PBXGroup;
			children = (
				2B80840625B9622F0056938B /* IOSBaseTemplate.app */,
			);
			name = Products;
			sourceTree = "<group>";
		};
		2B80840825B9622F0056938B /* IOSBaseTemplate */ = {
			isa = PBXGroup;
			children = (
				2B07ED4325BEB43C006BFBE7 /* Podspec Metadata */,
				2B07ED4225BEB3EE006BFBE7 /* General */,
				2BE7B63025E0EBDA00E187A3 /* Engine */,
				2BE7B63125E0EBEE00E187A3 /* UI */,
				2B80840925B9622F0056938B /* AppDelegate.h */,
				2B80840A25B9622F0056938B /* AppDelegate.m */,
				2BE7888525DF686900E187A3 /* UIRootViewController.h */,
				2BE7888425DF686900E187A3 /* UIRootViewController.mm */,
				2BE7890B25DF817700E187A3 /* Resources */,
				2B80846825B97A300056938B /* Supporting Files */,
			);
			path = IOSBaseTemplate;
			sourceTree = "<group>";
		};
		2B80846825B97A300056938B /* Supporting Files */ = {
			isa = PBXGroup;
			children = (
				2B80841525B962300056938B /* Assets.xcassets */,
				2B80841725B962300056938B /* LaunchScreen.storyboard */,
				2B80841A25B962300056938B /* Info.plist */,
				2B07ED5425BEB51C006BFBE7 /* PrefixHeader.pch */,
				2B80841B25B962300056938B /* main.m */,
			);
			path = "Supporting Files";
			sourceTree = "<group>";
		};
		2BE7884A25DF632B00E187A3 /* Products */ = {
			isa = PBXGroup;
			children = (
				2BE7884F25DF632B00E187A3 /* QMUIKit.framework */,
				2BE7885125DF632B00E187A3 /* QMUIKitTests.xctest */,
			);
			name = Products;
			sourceTree = "<group>";
		};
		2BE7890B25DF817700E187A3 /* Resources */ = {
			isa = PBXGroup;
			children = (
				2BE7894625DFAFAD00E187A3 /* QMUIConfigurationTemplateGrass.h */,
				2BE7894925DFAFAD00E187A3 /* QMUIConfigurationTemplateGrass.m */,
				2BE7890C25DF817700E187A3 /* rect.png */,
			);
			path = Resources;
			sourceTree = "<group>";
		};
		2BE7981125DFE55000E187A3 /* Calendar */ = {
			isa = PBXGroup;
			children = (
				2BE7981525DFE59300E187A3 /* UICalendarSearchResultViewController.h */,
				2BE7981625DFE59300E187A3 /* UICalendarSearchResultViewController.m */,
			);
			path = Calendar;
			sourceTree = "<group>";
		};
		2BE7B58825E0E99700E187A3 /* WWKEasyTableViewController */ = {
			isa = PBXGroup;
			children = (
				2BE7B58925E0E99700E187A3 /* WYComponentTableSectionItem.m */,
				2BE7B58A25E0E99700E187A3 /* WYComponentTableItem.h */,
				2BE7B58B25E0E99700E187A3 /* WYComponentTableCategory.h */,
				2BE7B59825E0E99700E187A3 /* WYComponentTableCategory.mm */,
				2BE7B59925E0E99700E187A3 /* WYComponentTableViewController.h */,
				2BE7B59A25E0E99700E187A3 /* WYComponentTableItem.m */,
				2BE7B59B25E0E99700E187A3 /* WYComponentTableSectionItem.h */,
				2BE7B59C25E0E99700E187A3 /* WYComponentTableViewController.mm */,
				2BE7B58C25E0E99700E187A3 /* TestEasyTableViewController */,
			);
			path = WWKEasyTableViewController;
			sourceTree = "<group>";
		};
		2BE7B58C25E0E99700E187A3 /* TestEasyTableViewController */ = {
			isa = PBXGroup;
			children = (
				2BE7B58D25E0E99700E187A3 /* ViewModel */,
				2BE7B59025E0E99700E187A3 /* Model */,
				2BE7B59325E0E99700E187A3 /* View */,
			);
			path = TestEasyTableViewController;
			sourceTree = "<group>";
		};
		2BE7B58D25E0E99700E187A3 /* ViewModel */ = {
			isa = PBXGroup;
			children = (
				2BE7B58E25E0E99700E187A3 /* KSTemplateViewModel.h */,
				2BE7B58F25E0E99700E187A3 /* KSTemplateViewModel.m */,
			);
			path = ViewModel;
			sourceTree = "<group>";
		};
		2BE7B59025E0E99700E187A3 /* Model */ = {
			isa = PBXGroup;
			children = (
				2BE7B59125E0E99700E187A3 /* KSTemplateListItem.h */,
				2BE7B59225E0E99700E187A3 /* KSTemplateListItem.m */,
			);
			path = Model;
			sourceTree = "<group>";
		};
		2BE7B59325E0E99700E187A3 /* View */ = {
			isa = PBXGroup;
			children = (
				2BE7B59625E0E99700E187A3 /* KSTemplateTableViewCell.h */,
				2BE7B59425E0E99700E187A3 /* KSTemplateTableViewCell.m */,
				2BE7B59525E0E99700E187A3 /* KSTemplateListViewController.h */,
				2BE7B59725E0E99700E187A3 /* KSTemplateListViewController.m */,
			);
			path = View;
			sourceTree = "<group>";
		};
		2BE7B63025E0EBDA00E187A3 /* Engine */ = {
			isa = PBXGroup;
			children = (
				2BE7981225DFE57900E187A3 /* DataManger.h */,
				2BE7981325DFE57900E187A3 /* DataManger.m */,
			);
			path = Engine;
			sourceTree = "<group>";
		};
		2BE7B63125E0EBEE00E187A3 /* UI */ = {
			isa = PBXGroup;
			children = (
				2BE7981125DFE55000E187A3 /* Calendar */,
				2BE788DF25DF748A00E187A3 /* UISearchViewController.h */,
				2BE788E025DF748A00E187A3 /* UISearchViewController.m */,
			);
			path = UI;
			sourceTree = "<group>";
		};
/* End PBXGroup section */

/* Begin PBXNativeTarget section */
		2B80840525B9622F0056938B /* IOSBaseTemplate */ = {
			isa = PBXNativeTarget;
			buildConfigurationList = 2B80843525B962310056938B /* Build configuration list for PBXNativeTarget "IOSBaseTemplate" */;
			buildPhases = (
				4177B1900010E21533E74BD5 /* [CP] Check Pods Manifest.lock */,
				2B80840225B9622F0056938B /* Sources */,
				2B80840325B9622F0056938B /* Frameworks */,
				2B80840425B9622F0056938B /* Resources */,
				3E215BA418922416166F2DB7 /* [CP] Embed Pods Frameworks */,
				2BE7886825DF63CB00E187A3 /* Embed Frameworks */,
			);
			buildRules = (
			);
			dependencies = (
			);
			name = IOSBaseTemplate;
			productName = IOSBaseTemplate;
			productReference = 2B80840625B9622F0056938B /* IOSBaseTemplate.app */;
			productType = "com.apple.product-type.application";
		};
/* End PBXNativeTarget section */

/* Begin PBXProject section */
		2B8083FE25B9622F0056938B /* Project object */ = {
			isa = PBXProject;
			attributes = {
				LastUpgradeCheck = 1230;
				TargetAttributes = {
					2B80840525B9622F0056938B = {
						CreatedOnToolsVersion = 12.3;
					};
				};
			};
			buildConfigurationList = 2B80840125B9622F0056938B /* Build configuration list for PBXProject "IOSBaseTemplate" */;
			compatibilityVersion = "Xcode 9.3";
			developmentRegion = en;
			hasScannedForEncodings = 0;
			knownRegions = (
				en,
				Base,
			);
			mainGroup = 2B8083FD25B9622F0056938B;
			productRefGroup = 2B80840725B9622F0056938B /* Products */;
			projectDirPath = "";
			projectReferences = (
				{
					ProductGroup = 2BE7884A25DF632B00E187A3 /* Products */;
					ProjectRef = 2BE7884925DF632B00E187A3 /* qmui.xcodeproj */;
				},
			);
			projectRoot = "";
			targets = (
				2B80840525B9622F0056938B /* IOSBaseTemplate */,
			);
		};
/* End PBXProject section */

/* Begin PBXReferenceProxy section */
		2BE7884F25DF632B00E187A3 /* QMUIKit.framework */ = {
			isa = PBXReferenceProxy;
			fileType = wrapper.framework;
			path = QMUIKit.framework;
			remoteRef = 2BE7884E25DF632B00E187A3 /* PBXContainerItemProxy */;
			sourceTree = BUILT_PRODUCTS_DIR;
		};
		2BE7885125DF632B00E187A3 /* QMUIKitTests.xctest */ = {
			isa = PBXReferenceProxy;
			fileType = wrapper.cfbundle;
			path = QMUIKitTests.xctest;
			remoteRef = 2BE7885025DF632B00E187A3 /* PBXContainerItemProxy */;
			sourceTree = BUILT_PRODUCTS_DIR;
		};
/* End PBXReferenceProxy section */

/* Begin PBXResourcesBuildPhase section */
		2B80840425B9622F0056938B /* Resources */ = {
			isa = PBXResourcesBuildPhase;
			buildActionMask = 2147483647;
			files = (
				2B80841925B962300056938B /* LaunchScreen.storyboard in Resources */,
				2B80841625B962300056938B /* Assets.xcassets in Resources */,
				2BE7890D25DF817700E187A3 /* rect.png in Resources */,
			);
			runOnlyForDeploymentPostprocessing = 0;
		};
/* End PBXResourcesBuildPhase section */

/* Begin PBXShellScriptBuildPhase section */
		3E215BA418922416166F2DB7 /* [CP] Embed Pods Frameworks */ = {
			isa = PBXShellScriptBuildPhase;
			buildActionMask = 2147483647;
			files = (
			);
			inputFileListPaths = (
				"${PODS_ROOT}/Target Support Files/Pods-IOSBaseTemplate/Pods-IOSBaseTemplate-frameworks-${CONFIGURATION}-input-files.xcfilelist",
			);
			name = "[CP] Embed Pods Frameworks";
			outputFileListPaths = (
				"${PODS_ROOT}/Target Support Files/Pods-IOSBaseTemplate/Pods-IOSBaseTemplate-frameworks-${CONFIGURATION}-output-files.xcfilelist",
			);
			runOnlyForDeploymentPostprocessing = 0;
			shellPath = /bin/sh;
			shellScript = "\"${PODS_ROOT}/Target Support Files/Pods-IOSBaseTemplate/Pods-IOSBaseTemplate-frameworks.sh\"\n";
			showEnvVarsInLog = 0;
		};
		4177B1900010E21533E74BD5 /* [CP] Check Pods Manifest.lock */ = {
			isa = PBXShellScriptBuildPhase;
			buildActionMask = 2147483647;
			files = (
			);
			inputFileListPaths = (
			);
			inputPaths = (
				"${PODS_PODFILE_DIR_PATH}/Podfile.lock",
				"${PODS_ROOT}/Manifest.lock",
			);
			name = "[CP] Check Pods Manifest.lock";
			outputFileListPaths = (
			);
			outputPaths = (
				"$(DERIVED_FILE_DIR)/Pods-IOSBaseTemplate-checkManifestLockResult.txt",
			);
			runOnlyForDeploymentPostprocessing = 0;
			shellPath = /bin/sh;
			shellScript = "diff \"${PODS_PODFILE_DIR_PATH}/Podfile.lock\" \"${PODS_ROOT}/Manifest.lock\" > /dev/null\nif [ $? != 0 ] ; then\n    # print error to STDERR\n    echo \"error: The sandbox is not in sync with the Podfile.lock. Run 'pod install' or update your CocoaPods installation.\" >&2\n    exit 1\nfi\n# This output is used by Xcode 'outputs' to avoid re-running this script phase.\necho \"SUCCESS\" > \"${SCRIPT_OUTPUT_FILE_0}\"\n";
			showEnvVarsInLog = 0;
		};
/* End PBXShellScriptBuildPhase section */

/* Begin PBXSourcesBuildPhase section */
		2B80840225B9622F0056938B /* Sources */ = {
			isa = PBXSourcesBuildPhase;
			buildActionMask = 2147483647;
			files = (
				2BE7B5A425E0E99700E187A3 /* WYComponentTableCategory.mm in Sources */,
				2BE7894A25DFAFAD00E187A3 /* QMUIConfigurationTemplateGrass.m in Sources */,
				2B80840B25B9622F0056938B /* AppDelegate.m in Sources */,
				2BE7981425DFE57900E187A3 /* DataManger.m in Sources */,
				2BE7B5A325E0E99700E187A3 /* KSTemplateListViewController.m in Sources */,
				2BE7893525DF972F00E187A3 /* UIBaseViewController.m in Sources */,
				2B07ED5025BEB4D2006BFBE7 /* Public.m in Sources */,
				2BE7B5A125E0E99700E187A3 /* KSTemplateListItem.m in Sources */,
				2BE7981725DFE59300E187A3 /* UICalendarSearchResultViewController.m in Sources */,
				2BE7B5A025E0E99700E187A3 /* KSTemplateViewModel.m in Sources */,
				2B80841C25B962300056938B /* main.m in Sources */,
				2BE7B5A225E0E99700E187A3 /* KSTemplateTableViewCell.m in Sources */,
				2BE7B59F25E0E99700E187A3 /* WYComponentTableSectionItem.m in Sources */,
				2BE788E125DF748A00E187A3 /* UISearchViewController.m in Sources */,
				2B07ED4725BEB494006BFBE7 /* GlobalConst.m in Sources */,
				2BE7888625DF686900E187A3 /* UIRootViewController.mm in Sources */,
				2BE7B5A525E0E99700E187A3 /* WYComponentTableItem.m in Sources */,
				2BE7B5A625E0E99700E187A3 /* WYComponentTableViewController.mm in Sources */,
			);
			runOnlyForDeploymentPostprocessing = 0;
		};
/* End PBXSourcesBuildPhase section */

/* Begin PBXVariantGroup section */
		2B80841725B962300056938B /* LaunchScreen.storyboard */ = {
			isa = PBXVariantGroup;
			children = (
				2B80841825B962300056938B /* Base */,
			);
			name = LaunchScreen.storyboard;
			sourceTree = "<group>";
		};
/* End PBXVariantGroup section */

/* Begin XCBuildConfiguration section */
		2B80843325B962310056938B /* Debug */ = {
			isa = XCBuildConfiguration;
			buildSettings = {
				ALWAYS_SEARCH_USER_PATHS = NO;
				CLANG_ANALYZER_NONNULL = YES;
				CLANG_ANALYZER_NUMBER_OBJECT_CONVERSION = YES_AGGRESSIVE;
				CLANG_CXX_LANGUAGE_STANDARD = "gnu++14";
				CLANG_CXX_LIBRARY = "libc++";
				CLANG_ENABLE_MODULES = YES;
				CLANG_ENABLE_OBJC_ARC = YES;
				CLANG_ENABLE_OBJC_WEAK = YES;
				CLANG_WARN_BLOCK_CAPTURE_AUTORELEASING = YES;
				CLANG_WARN_BOOL_CONVERSION = YES;
				CLANG_WARN_COMMA = YES;
				CLANG_WARN_CONSTANT_CONVERSION = YES;
				CLANG_WARN_DEPRECATED_OBJC_IMPLEMENTATIONS = YES;
				CLANG_WARN_DIRECT_OBJC_ISA_USAGE = YES_ERROR;
				CLANG_WARN_DOCUMENTATION_COMMENTS = YES;
				CLANG_WARN_EMPTY_BODY = YES;
				CLANG_WARN_ENUM_CONVERSION = YES;
				CLANG_WARN_INFINITE_RECURSION = YES;
				CLANG_WARN_INT_CONVERSION = YES;
				CLANG_WARN_NON_LITERAL_NULL_CONVERSION = YES;
				CLANG_WARN_OBJC_IMPLICIT_RETAIN_SELF = YES;
				CLANG_WARN_OBJC_LITERAL_CONVERSION = YES;
				CLANG_WARN_OBJC_ROOT_CLASS = YES_ERROR;
				CLANG_WARN_QUOTED_INCLUDE_IN_FRAMEWORK_HEADER = YES;
				CLANG_WARN_RANGE_LOOP_ANALYSIS = YES;
				CLANG_WARN_STRICT_PROTOTYPES = YES;
				CLANG_WARN_SUSPICIOUS_MOVE = YES;
				CLANG_WARN_UNGUARDED_AVAILABILITY = YES_AGGRESSIVE;
				CLANG_WARN_UNREACHABLE_CODE = YES;
				CLANG_WARN__DUPLICATE_METHOD_MATCH = YES;
				COPY_PHASE_STRIP = NO;
				DEBUG_INFORMATION_FORMAT = dwarf;
				ENABLE_STRICT_OBJC_MSGSEND = YES;
				ENABLE_TESTABILITY = YES;
				GCC_C_LANGUAGE_STANDARD = gnu11;
				GCC_DYNAMIC_NO_PIC = NO;
				GCC_NO_COMMON_BLOCKS = YES;
				GCC_OPTIMIZATION_LEVEL = 0;
				GCC_PREPROCESSOR_DEFINITIONS = (
					"DEBUG=1",
					"$(inherited)",
				);
				GCC_WARN_64_TO_32_BIT_CONVERSION = YES;
				GCC_WARN_ABOUT_RETURN_TYPE = YES_ERROR;
				GCC_WARN_UNDECLARED_SELECTOR = YES;
				GCC_WARN_UNINITIALIZED_AUTOS = YES_AGGRESSIVE;
				GCC_WARN_UNUSED_FUNCTION = YES;
				GCC_WARN_UNUSED_VARIABLE = YES;
				IPHONEOS_DEPLOYMENT_TARGET = 14.3;
				MTL_ENABLE_DEBUG_INFO = INCLUDE_SOURCE;
				MTL_FAST_MATH = YES;
				ONLY_ACTIVE_ARCH = YES;
				SDKROOT = iphoneos;
			};
			name = Debug;
		};
		2B80843425B962310056938B /* Release */ = {
			isa = XCBuildConfiguration;
			buildSettings = {
				ALWAYS_SEARCH_USER_PATHS = NO;
				CLANG_ANALYZER_NONNULL = YES;
				CLANG_ANALYZER_NUMBER_OBJECT_CONVERSION = YES_AGGRESSIVE;
				CLANG_CXX_LANGUAGE_STANDARD = "gnu++14";
				CLANG_CXX_LIBRARY = "libc++";
				CLANG_ENABLE_MODULES = YES;
				CLANG_ENABLE_OBJC_ARC = YES;
				CLANG_ENABLE_OBJC_WEAK = YES;
				CLANG_WARN_BLOCK_CAPTURE_AUTORELEASING = YES;
				CLANG_WARN_BOOL_CONVERSION = YES;
				CLANG_WARN_COMMA = YES;
				CLANG_WARN_CONSTANT_CONVERSION = YES;
				CLANG_WARN_DEPRECATED_OBJC_IMPLEMENTATIONS = YES;
				CLANG_WARN_DIRECT_OBJC_ISA_USAGE = YES_ERROR;
				CLANG_WARN_DOCUMENTATION_COMMENTS = YES;
				CLANG_WARN_EMPTY_BODY = YES;
				CLANG_WARN_ENUM_CONVERSION = YES;
				CLANG_WARN_INFINITE_RECURSION = YES;
				CLANG_WARN_INT_CONVERSION = YES;
				CLANG_WARN_NON_LITERAL_NULL_CONVERSION = YES;
				CLANG_WARN_OBJC_IMPLICIT_RETAIN_SELF = YES;
				CLANG_WARN_OBJC_LITERAL_CONVERSION = YES;
				CLANG_WARN_OBJC_ROOT_CLASS = YES_ERROR;
				CLANG_WARN_QUOTED_INCLUDE_IN_FRAMEWORK_HEADER = YES;
				CLANG_WARN_RANGE_LOOP_ANALYSIS = YES;
				CLANG_WARN_STRICT_PROTOTYPES = YES;
				CLANG_WARN_SUSPICIOUS_MOVE = YES;
				CLANG_WARN_UNGUARDED_AVAILABILITY = YES_AGGRESSIVE;
				CLANG_WARN_UNREACHABLE_CODE = YES;
				CLANG_WARN__DUPLICATE_METHOD_MATCH = YES;
				COPY_PHASE_STRIP = NO;
				DEBUG_INFORMATION_FORMAT = "dwarf-with-dsym";
				ENABLE_NS_ASSERTIONS = NO;
				ENABLE_STRICT_OBJC_MSGSEND = YES;
				GCC_C_LANGUAGE_STANDARD = gnu11;
				GCC_NO_COMMON_BLOCKS = YES;
				GCC_WARN_64_TO_32_BIT_CONVERSION = YES;
				GCC_WARN_ABOUT_RETURN_TYPE = YES_ERROR;
				GCC_WARN_UNDECLARED_SELECTOR = YES;
				GCC_WARN_UNINITIALIZED_AUTOS = YES_AGGRESSIVE;
				GCC_WARN_UNUSED_FUNCTION = YES;
				GCC_WARN_UNUSED_VARIABLE = YES;
				IPHONEOS_DEPLOYMENT_TARGET = 14.3;
				MTL_ENABLE_DEBUG_INFO = NO;
				MTL_FAST_MATH = YES;
				SDKROOT = iphoneos;
				VALIDATE_PRODUCT = YES;
			};
			name = Release;
		};
		2B80843625B962310056938B /* Debug */ = {
			isa = XCBuildConfiguration;
			baseConfigurationReference = DC60344916A49D1629F613B6 /* Pods-IOSBaseTemplate.debug.xcconfig */;
			buildSettings = {
				ASSETCATALOG_COMPILER_APPICON_NAME = AppIcon;
				ASSETCATALOG_COMPILER_GLOBAL_ACCENT_COLOR_NAME = AccentColor;
				CODE_SIGN_STYLE = Automatic;
				DEVELOPMENT_TEAM = WG256MA2SR;
				ENABLE_BITCODE = NO;
				GCC_PREFIX_HEADER = "./IOSBaseTemplate/Supporting Files/PrefixHeader.pch";
				HEADER_SEARCH_PATHS = "\"$(SRCROOT)/SubProjectForLogin\"";
				INFOPLIST_FILE = "IOSBaseTemplate/Supporting Files/Info.plist";
				IPHONEOS_DEPLOYMENT_TARGET = 10.0;
				LD_RUNPATH_SEARCH_PATHS = (
					"$(inherited)",
					"@executable_path/Frameworks",
				);
				PRODUCT_BUNDLE_IDENTIFIER = com.fengchiwe;
				PRODUCT_NAME = "$(TARGET_NAME)";
				TARGETED_DEVICE_FAMILY = 1;
			};
			name = Debug;
		};
		2B80843725B962310056938B /* Release */ = {
			isa = XCBuildConfiguration;
			baseConfigurationReference = 34C8DBEE0E30BC288B3EF482 /* Pods-IOSBaseTemplate.release.xcconfig */;
			buildSettings = {
				ASSETCATALOG_COMPILER_APPICON_NAME = AppIcon;
				ASSETCATALOG_COMPILER_GLOBAL_ACCENT_COLOR_NAME = AccentColor;
				CODE_SIGN_STYLE = Automatic;
				DEVELOPMENT_TEAM = WG256MA2SR;
				ENABLE_BITCODE = NO;
				GCC_PREFIX_HEADER = "./IOSBaseTemplate/Supporting Files/PrefixHeader.pch";
				HEADER_SEARCH_PATHS = "\"$(SRCROOT)/SubProjectForLogin\"";
				INFOPLIST_FILE = "IOSBaseTemplate/Supporting Files/Info.plist";
				IPHONEOS_DEPLOYMENT_TARGET = 10.0;
				LD_RUNPATH_SEARCH_PATHS = (
					"$(inherited)",
					"@executable_path/Frameworks",
				);
				PRODUCT_BUNDLE_IDENTIFIER = com.fengchiwe;
				PRODUCT_NAME = "$(TARGET_NAME)";
				TARGETED_DEVICE_FAMILY = 1;
			};
			name = Release;
		};
/* End XCBuildConfiguration section */

/* Begin XCConfigurationList section */
		2B80840125B9622F0056938B /* Build configuration list for PBXProject "IOSBaseTemplate" */ = {
			isa = XCConfigurationList;
			buildConfigurations = (
				2B80843325B962310056938B /* Debug */,
				2B80843425B962310056938B /* Release */,
			);
			defaultConfigurationIsVisible = 0;
			defaultConfigurationName = Release;
		};
		2B80843525B962310056938B /* Build configuration list for PBXNativeTarget "IOSBaseTemplate" */ = {
			isa = XCConfigurationList;
			buildConfigurations = (
				2B80843625B962310056938B /* Debug */,
				2B80843725B962310056938B /* Release */,
			);
			defaultConfigurationIsVisible = 0;
			defaultConfigurationName = Release;
		};
/* End XCConfigurationList section */
	};
	rootObject = 2B8083FE25B9622F0056938B /* Project object */;
}
